// !$*UTF8*$!
{
	archiveVersion = 1;
	classes = {
	};
	objectVersion = 50;
	objects = {

/* Begin PBXBuildFile section */
		CE0FDBB826FFC7C800809ABB /* Images.xcassets in Resources */ = {isa = PBXBuildFile; fileRef = CE0FDBB726FFC7C800809ABB /* Images.xcassets */; };
		CE0FDBBA26FFCABA00809ABB /* ProfileViewController.swift in Sources */ = {isa = PBXBuildFile; fileRef = CE0FDBB926FFCABA00809ABB /* ProfileViewController.swift */; };
		CE1F08AD26F3BB67002A5985 /* AppDelegate.swift in Sources */ = {isa = PBXBuildFile; fileRef = CE1F08AC26F3BB67002A5985 /* AppDelegate.swift */; };
		CE1F08B126F3BB67002A5985 /* ConversationListViewController.swift in Sources */ = {isa = PBXBuildFile; fileRef = CE1F08B026F3BB67002A5985 /* ConversationListViewController.swift */; };
		CE1F08B926F3BB68002A5985 /* LaunchScreen.storyboard in Resources */ = {isa = PBXBuildFile; fileRef = CE1F08B726F3BB68002A5985 /* LaunchScreen.storyboard */; };
		CE32F21A270484EE007262A5 /* SF-Pro-Display-Bold.otf in Resources */ = {isa = PBXBuildFile; fileRef = CE32F218270484C4007262A5 /* SF-Pro-Display-Bold.otf */; };
		CE32F21B270484F1007262A5 /* SF-Pro-Text-Regular.otf in Resources */ = {isa = PBXBuildFile; fileRef = CE32F219270484DB007262A5 /* SF-Pro-Text-Regular.otf */; };
		CE32F21D27048600007262A5 /* Fonts.swift in Sources */ = {isa = PBXBuildFile; fileRef = CE32F21C27048600007262A5 /* Fonts.swift */; };
		CE4240A82704C1A800CA3386 /* UIViewController+Extension.swift in Sources */ = {isa = PBXBuildFile; fileRef = CE4240A72704C1A800CA3386 /* UIViewController+Extension.swift */; };
		CE4E07E8270247DD00AE0113 /* UIView+Extension.swift in Sources */ = {isa = PBXBuildFile; fileRef = CE4E07E7270247DD00AE0113 /* UIView+Extension.swift */; };
		CE4E07EB270249D400AE0113 /* UIStackView+Extension.swift in Sources */ = {isa = PBXBuildFile; fileRef = CE4E07EA270249D400AE0113 /* UIStackView+Extension.swift */; };
		CE9AF681270B89C1006D44A8 /* ConversationViewController.swift in Sources */ = {isa = PBXBuildFile; fileRef = CE9AF680270B89C1006D44A8 /* ConversationViewController.swift */; };
		CE9AF683270B8D39006D44A8 /* Icons.swift in Sources */ = {isa = PBXBuildFile; fileRef = CE9AF682270B8D39006D44A8 /* Icons.swift */; };
		CE9AF685270B8D44006D44A8 /* Icons.xcassets in Resources */ = {isa = PBXBuildFile; fileRef = CE9AF684270B8D44006D44A8 /* Icons.xcassets */; };
		CED023E726FFB61100062489 /* Assets.xcassets in Resources */ = {isa = PBXBuildFile; fileRef = CED023E626FFB61100062489 /* Assets.xcassets */; };
		CED84B3927025BC300D4E4EB /* Palette.xcassets in Resources */ = {isa = PBXBuildFile; fileRef = CED84B3827025BC300D4E4EB /* Palette.xcassets */; };
		CED84B3C27025D1700D4E4EB /* Palette.swift in Sources */ = {isa = PBXBuildFile; fileRef = CED84B3B27025D1700D4E4EB /* Palette.swift */; };
		CED84B3E27025F4200D4E4EB /* Images.swift in Sources */ = {isa = PBXBuildFile; fileRef = CED84B3D27025F4200D4E4EB /* Images.swift */; };
/* End PBXBuildFile section */

/* Begin PBXFileReference section */
		CE0FDBB726FFC7C800809ABB /* Images.xcassets */ = {isa = PBXFileReference; lastKnownFileType = folder.assetcatalog; path = Images.xcassets; sourceTree = "<group>"; };
		CE0FDBB926FFCABA00809ABB /* ProfileViewController.swift */ = {isa = PBXFileReference; lastKnownFileType = sourcecode.swift; path = ProfileViewController.swift; sourceTree = "<group>"; };
		CE1F08A926F3BB67002A5985 /* Chat.app */ = {isa = PBXFileReference; explicitFileType = wrapper.application; includeInIndex = 0; path = Chat.app; sourceTree = BUILT_PRODUCTS_DIR; };
		CE1F08AC26F3BB67002A5985 /* AppDelegate.swift */ = {isa = PBXFileReference; lastKnownFileType = sourcecode.swift; path = AppDelegate.swift; sourceTree = "<group>"; };
		CE1F08B026F3BB67002A5985 /* ConversationListViewController.swift */ = {isa = PBXFileReference; lastKnownFileType = sourcecode.swift; path = ConversationListViewController.swift; sourceTree = "<group>"; };
		CE1F08B826F3BB68002A5985 /* Base */ = {isa = PBXFileReference; lastKnownFileType = file.storyboard; name = Base; path = Base.lproj/LaunchScreen.storyboard; sourceTree = "<group>"; };
		CE1F08BA26F3BB68002A5985 /* Info.plist */ = {isa = PBXFileReference; lastKnownFileType = text.plist.xml; path = Info.plist; sourceTree = "<group>"; };
		CE32F218270484C4007262A5 /* SF-Pro-Display-Bold.otf */ = {isa = PBXFileReference; lastKnownFileType = file; path = "SF-Pro-Display-Bold.otf"; sourceTree = "<group>"; };
		CE32F219270484DB007262A5 /* SF-Pro-Text-Regular.otf */ = {isa = PBXFileReference; lastKnownFileType = file; path = "SF-Pro-Text-Regular.otf"; sourceTree = "<group>"; };
		CE32F21C27048600007262A5 /* Fonts.swift */ = {isa = PBXFileReference; lastKnownFileType = sourcecode.swift; path = Fonts.swift; sourceTree = "<group>"; };
		CE4240A72704C1A800CA3386 /* UIViewController+Extension.swift */ = {isa = PBXFileReference; lastKnownFileType = sourcecode.swift; path = "UIViewController+Extension.swift"; sourceTree = "<group>"; };
		CE4E07E7270247DD00AE0113 /* UIView+Extension.swift */ = {isa = PBXFileReference; lastKnownFileType = sourcecode.swift; path = "UIView+Extension.swift"; sourceTree = "<group>"; };
		CE4E07EA270249D400AE0113 /* UIStackView+Extension.swift */ = {isa = PBXFileReference; lastKnownFileType = sourcecode.swift; path = "UIStackView+Extension.swift"; sourceTree = "<group>"; };
		CE9AF680270B89C1006D44A8 /* ConversationViewController.swift */ = {isa = PBXFileReference; lastKnownFileType = sourcecode.swift; path = ConversationViewController.swift; sourceTree = "<group>"; };
		CE9AF682270B8D39006D44A8 /* Icons.swift */ = {isa = PBXFileReference; lastKnownFileType = sourcecode.swift; path = Icons.swift; sourceTree = "<group>"; };
		CE9AF684270B8D44006D44A8 /* Icons.xcassets */ = {isa = PBXFileReference; lastKnownFileType = folder.assetcatalog; path = Icons.xcassets; sourceTree = "<group>"; };
		CED023E626FFB61100062489 /* Assets.xcassets */ = {isa = PBXFileReference; lastKnownFileType = folder.assetcatalog; path = Assets.xcassets; sourceTree = "<group>"; };
		CED84B3827025BC300D4E4EB /* Palette.xcassets */ = {isa = PBXFileReference; lastKnownFileType = folder.assetcatalog; path = Palette.xcassets; sourceTree = "<group>"; };
		CED84B3B27025D1700D4E4EB /* Palette.swift */ = {isa = PBXFileReference; lastKnownFileType = sourcecode.swift; path = Palette.swift; sourceTree = "<group>"; };
		CED84B3D27025F4200D4E4EB /* Images.swift */ = {isa = PBXFileReference; lastKnownFileType = sourcecode.swift; path = Images.swift; sourceTree = "<group>"; };
/* End PBXFileReference section */

/* Begin PBXFrameworksBuildPhase section */
		CE1F08A626F3BB67002A5985 /* Frameworks */ = {
			isa = PBXFrameworksBuildPhase;
			buildActionMask = 2147483647;
			files = (
			);
			runOnlyForDeploymentPostprocessing = 0;
		};
/* End PBXFrameworksBuildPhase section */

/* Begin PBXGroup section */
		CE1F08A026F3BB67002A5985 = {
			isa = PBXGroup;
			children = (
				CE1F08AB26F3BB67002A5985 /* Chat */,
				CE1F08AA26F3BB67002A5985 /* Products */,
			);
			sourceTree = "<group>";
		};
		CE1F08AA26F3BB67002A5985 /* Products */ = {
			isa = PBXGroup;
			children = (
				CE1F08A926F3BB67002A5985 /* Chat.app */,
			);
			name = Products;
			sourceTree = "<group>";
		};
		CE1F08AB26F3BB67002A5985 /* Chat */ = {
			isa = PBXGroup;
			children = (
				CED023E526FFAFE100062489 /* Presentation */,
				CE4E07E027023DE100AE0113 /* Additional files */,
				CED023E426FFAFA800062489 /* Supporting files */,
				CED023E326FFAEE300062489 /* Resources */,
			);
			path = Chat;
			sourceTree = "<group>";
		};
		CE32F21627048490007262A5 /* Assets */ = {
			isa = PBXGroup;
			children = (
				CED023E626FFB61100062489 /* Assets.xcassets */,
				CE0FDBB726FFC7C800809ABB /* Images.xcassets */,
				CE9AF684270B8D44006D44A8 /* Icons.xcassets */,
				CED84B3827025BC300D4E4EB /* Palette.xcassets */,
			);
			path = Assets;
			sourceTree = "<group>";
		};
		CE32F21727048499007262A5 /* Fonts */ = {
			isa = PBXGroup;
			children = (
				CE32F219270484DB007262A5 /* SF-Pro-Text-Regular.otf */,
				CE32F218270484C4007262A5 /* SF-Pro-Display-Bold.otf */,
			);
			path = Fonts;
			sourceTree = "<group>";
		};
		CE4E07E027023DE100AE0113 /* Additional files */ = {
			isa = PBXGroup;
			children = (
				CE4E07E6270247CC00AE0113 /* Extensions */,
			);
			path = "Additional files";
			sourceTree = "<group>";
		};
		CE4E07E6270247CC00AE0113 /* Extensions */ = {
			isa = PBXGroup;
			children = (
				CE4E07E7270247DD00AE0113 /* UIView+Extension.swift */,
				CE4240A72704C1A800CA3386 /* UIViewController+Extension.swift */,
				CE4E07EA270249D400AE0113 /* UIStackView+Extension.swift */,
			);
			path = Extensions;
			sourceTree = "<group>";
		};
		CE9AF67D270B8986006D44A8 /* ConversationList */ = {
			isa = PBXGroup;
			children = (
				CE1F08B026F3BB67002A5985 /* ConversationListViewController.swift */,
			);
			path = ConversationList;
			sourceTree = "<group>";
		};
		CE9AF67E270B8995006D44A8 /* Profile */ = {
			isa = PBXGroup;
			children = (
				CE0FDBB926FFCABA00809ABB /* ProfileViewController.swift */,
			);
			path = Profile;
			sourceTree = "<group>";
		};
		CE9AF67F270B89A7006D44A8 /* Conversation */ = {
			isa = PBXGroup;
			children = (
				CE9AF680270B89C1006D44A8 /* ConversationViewController.swift */,
			);
			path = Conversation;
			sourceTree = "<group>";
		};
		CED023E326FFAEE300062489 /* Resources */ = {
			isa = PBXGroup;
			children = (
				CE32F21627048490007262A5 /* Assets */,
				CE32F21727048499007262A5 /* Fonts */,
			);
			path = Resources;
			sourceTree = "<group>";
		};
		CED023E426FFAFA800062489 /* Supporting files */ = {
			isa = PBXGroup;
			children = (
				CE1F08AC26F3BB67002A5985 /* AppDelegate.swift */,
				CE1F08B726F3BB68002A5985 /* LaunchScreen.storyboard */,
				CE1F08BA26F3BB68002A5985 /* Info.plist */,
			);
			path = "Supporting files";
			sourceTree = "<group>";
		};
		CED023E526FFAFE100062489 /* Presentation */ = {
			isa = PBXGroup;
			children = (
				CE9AF67D270B8986006D44A8 /* ConversationList */,
				CE9AF67F270B89A7006D44A8 /* Conversation */,
				CE9AF67E270B8995006D44A8 /* Profile */,
				CED84B3A27025CFE00D4E4EB /* Style */,
			);
			path = Presentation;
			sourceTree = "<group>";
		};
		CED84B3A27025CFE00D4E4EB /* Style */ = {
			isa = PBXGroup;
			children = (
				CED84B3D27025F4200D4E4EB /* Images.swift */,
				CE9AF682270B8D39006D44A8 /* Icons.swift */,
				CED84B3B27025D1700D4E4EB /* Palette.swift */,
				CE32F21C27048600007262A5 /* Fonts.swift */,
			);
			path = Style;
			sourceTree = "<group>";
		};
/* End PBXGroup section */

/* Begin PBXNativeTarget section */
		CE1F08A826F3BB67002A5985 /* Chat */ = {
			isa = PBXNativeTarget;
			buildConfigurationList = CE1F08BD26F3BB68002A5985 /* Build configuration list for PBXNativeTarget "Chat" */;
			buildPhases = (
				CE1F08A526F3BB67002A5985 /* Sources */,
				CE1F08A626F3BB67002A5985 /* Frameworks */,
				CE1F08A726F3BB67002A5985 /* Resources */,
			);
			buildRules = (
			);
			dependencies = (
			);
			name = Chat;
			productName = Chat;
			productReference = CE1F08A926F3BB67002A5985 /* Chat.app */;
			productType = "com.apple.product-type.application";
		};
/* End PBXNativeTarget section */

/* Begin PBXProject section */
		CE1F08A126F3BB67002A5985 /* Project object */ = {
			isa = PBXProject;
			attributes = {
				LastSwiftUpdateCheck = 1250;
				LastUpgradeCheck = 1250;
				TargetAttributes = {
					CE1F08A826F3BB67002A5985 = {
						CreatedOnToolsVersion = 12.5.1;
					};
				};
			};
			buildConfigurationList = CE1F08A426F3BB67002A5985 /* Build configuration list for PBXProject "Chat" */;
			compatibilityVersion = "Xcode 9.3";
			developmentRegion = en;
			hasScannedForEncodings = 0;
			knownRegions = (
				en,
				Base,
			);
			mainGroup = CE1F08A026F3BB67002A5985;
			productRefGroup = CE1F08AA26F3BB67002A5985 /* Products */;
			projectDirPath = "";
			projectRoot = "";
			targets = (
				CE1F08A826F3BB67002A5985 /* Chat */,
			);
		};
/* End PBXProject section */

/* Begin PBXResourcesBuildPhase section */
		CE1F08A726F3BB67002A5985 /* Resources */ = {
			isa = PBXResourcesBuildPhase;
			buildActionMask = 2147483647;
			files = (
				CE0FDBB826FFC7C800809ABB /* Images.xcassets in Resources */,
				CED84B3927025BC300D4E4EB /* Palette.xcassets in Resources */,
				CE9AF685270B8D44006D44A8 /* Icons.xcassets in Resources */,
				CE32F21A270484EE007262A5 /* SF-Pro-Display-Bold.otf in Resources */,
				CED023E726FFB61100062489 /* Assets.xcassets in Resources */,
				CE1F08B926F3BB68002A5985 /* LaunchScreen.storyboard in Resources */,
				CE32F21B270484F1007262A5 /* SF-Pro-Text-Regular.otf in Resources */,
			);
			runOnlyForDeploymentPostprocessing = 0;
		};
/* End PBXResourcesBuildPhase section */

/* Begin PBXSourcesBuildPhase section */
		CE1F08A526F3BB67002A5985 /* Sources */ = {
			isa = PBXSourcesBuildPhase;
			buildActionMask = 2147483647;
			files = (
				CE4240A82704C1A800CA3386 /* UIViewController+Extension.swift in Sources */,
				CE0FDBBA26FFCABA00809ABB /* ProfileViewController.swift in Sources */,
				CE9AF681270B89C1006D44A8 /* ConversationViewController.swift in Sources */,
				CE1F08B126F3BB67002A5985 /* ConversationListViewController.swift in Sources */,
				CE4E07E8270247DD00AE0113 /* UIView+Extension.swift in Sources */,
				CE9AF683270B8D39006D44A8 /* Icons.swift in Sources */,
				CE1F08AD26F3BB67002A5985 /* AppDelegate.swift in Sources */,
				CE32F21D27048600007262A5 /* Fonts.swift in Sources */,
				CED84B3E27025F4200D4E4EB /* Images.swift in Sources */,
				CE4E07EB270249D400AE0113 /* UIStackView+Extension.swift in Sources */,
				CED84B3C27025D1700D4E4EB /* Palette.swift in Sources */,
			);
			runOnlyForDeploymentPostprocessing = 0;
		};
/* End PBXSourcesBuildPhase section */

/* Begin PBXVariantGroup section */
		CE1F08B726F3BB68002A5985 /* LaunchScreen.storyboard */ = {
			isa = PBXVariantGroup;
			children = (
				CE1F08B826F3BB68002A5985 /* Base */,
			);
			name = LaunchScreen.storyboard;
			sourceTree = "<group>";
		};
/* End PBXVariantGroup section */

/* Begin XCBuildConfiguration section */
		CE1F08BB26F3BB68002A5985 /* Debug */ = {
			isa = XCBuildConfiguration;
			buildSettings = {
				ALWAYS_SEARCH_USER_PATHS = NO;
				CLANG_ANALYZER_NONNULL = YES;
				CLANG_ANALYZER_NUMBER_OBJECT_CONVERSION = YES_AGGRESSIVE;
				CLANG_CXX_LANGUAGE_STANDARD = "gnu++14";
				CLANG_CXX_LIBRARY = "libc++";
				CLANG_ENABLE_MODULES = YES;
				CLANG_ENABLE_OBJC_ARC = YES;
				CLANG_ENABLE_OBJC_WEAK = YES;
				CLANG_WARN_BLOCK_CAPTURE_AUTORELEASING = YES;
				CLANG_WARN_BOOL_CONVERSION = YES;
				CLANG_WARN_COMMA = YES;
				CLANG_WARN_CONSTANT_CONVERSION = YES;
				CLANG_WARN_DEPRECATED_OBJC_IMPLEMENTATIONS = YES;
				CLANG_WARN_DIRECT_OBJC_ISA_USAGE = YES_ERROR;
				CLANG_WARN_DOCUMENTATION_COMMENTS = YES;
				CLANG_WARN_EMPTY_BODY = YES;
				CLANG_WARN_ENUM_CONVERSION = YES;
				CLANG_WARN_INFINITE_RECURSION = YES;
				CLANG_WARN_INT_CONVERSION = YES;
				CLANG_WARN_NON_LITERAL_NULL_CONVERSION = YES;
				CLANG_WARN_OBJC_IMPLICIT_RETAIN_SELF = YES;
				CLANG_WARN_OBJC_LITERAL_CONVERSION = YES;
				CLANG_WARN_OBJC_ROOT_CLASS = YES_ERROR;
				CLANG_WARN_QUOTED_INCLUDE_IN_FRAMEWORK_HEADER = YES;
				CLANG_WARN_RANGE_LOOP_ANALYSIS = YES;
				CLANG_WARN_STRICT_PROTOTYPES = YES;
				CLANG_WARN_SUSPICIOUS_MOVE = YES;
				CLANG_WARN_UNGUARDED_AVAILABILITY = YES_AGGRESSIVE;
				CLANG_WARN_UNREACHABLE_CODE = YES;
				CLANG_WARN__DUPLICATE_METHOD_MATCH = YES;
				COPY_PHASE_STRIP = NO;
				DEBUG_INFORMATION_FORMAT = dwarf;
				ENABLE_STRICT_OBJC_MSGSEND = YES;
				ENABLE_TESTABILITY = YES;
				GCC_C_LANGUAGE_STANDARD = gnu11;
				GCC_DYNAMIC_NO_PIC = NO;
				GCC_NO_COMMON_BLOCKS = YES;
				GCC_OPTIMIZATION_LEVEL = 0;
				GCC_PREPROCESSOR_DEFINITIONS = (
					"DEBUG=1",
					"$(inherited)",
				);
				GCC_WARN_64_TO_32_BIT_CONVERSION = YES;
				GCC_WARN_ABOUT_RETURN_TYPE = YES_ERROR;
				GCC_WARN_UNDECLARED_SELECTOR = YES;
				GCC_WARN_UNINITIALIZED_AUTOS = YES_AGGRESSIVE;
				GCC_WARN_UNUSED_FUNCTION = YES;
				GCC_WARN_UNUSED_VARIABLE = YES;
				IPHONEOS_DEPLOYMENT_TARGET = 12.0;
				MTL_ENABLE_DEBUG_INFO = INCLUDE_SOURCE;
				MTL_FAST_MATH = YES;
				ONLY_ACTIVE_ARCH = YES;
				SDKROOT = iphoneos;
				SWIFT_ACTIVE_COMPILATION_CONDITIONS = DEBUG;
				SWIFT_OPTIMIZATION_LEVEL = "-Onone";
			};
			name = Debug;
		};
		CE1F08BC26F3BB68002A5985 /* Release */ = {
			isa = XCBuildConfiguration;
			buildSettings = {
				ALWAYS_SEARCH_USER_PATHS = NO;
				CLANG_ANALYZER_NONNULL = YES;
				CLANG_ANALYZER_NUMBER_OBJECT_CONVERSION = YES_AGGRESSIVE;
				CLANG_CXX_LANGUAGE_STANDARD = "gnu++14";
				CLANG_CXX_LIBRARY = "libc++";
				CLANG_ENABLE_MODULES = YES;
				CLANG_ENABLE_OBJC_ARC = YES;
				CLANG_ENABLE_OBJC_WEAK = YES;
				CLANG_WARN_BLOCK_CAPTURE_AUTORELEASING = YES;
				CLANG_WARN_BOOL_CONVERSION = YES;
				CLANG_WARN_COMMA = YES;
				CLANG_WARN_CONSTANT_CONVERSION = YES;
				CLANG_WARN_DEPRECATED_OBJC_IMPLEMENTATIONS = YES;
				CLANG_WARN_DIRECT_OBJC_ISA_USAGE = YES_ERROR;
				CLANG_WARN_DOCUMENTATION_COMMENTS = YES;
				CLANG_WARN_EMPTY_BODY = YES;
				CLANG_WARN_ENUM_CONVERSION = YES;
				CLANG_WARN_INFINITE_RECURSION = YES;
				CLANG_WARN_INT_CONVERSION = YES;
				CLANG_WARN_NON_LITERAL_NULL_CONVERSION = YES;
				CLANG_WARN_OBJC_IMPLICIT_RETAIN_SELF = YES;
				CLANG_WARN_OBJC_LITERAL_CONVERSION = YES;
				CLANG_WARN_OBJC_ROOT_CLASS = YES_ERROR;
				CLANG_WARN_QUOTED_INCLUDE_IN_FRAMEWORK_HEADER = YES;
				CLANG_WARN_RANGE_LOOP_ANALYSIS = YES;
				CLANG_WARN_STRICT_PROTOTYPES = YES;
				CLANG_WARN_SUSPICIOUS_MOVE = YES;
				CLANG_WARN_UNGUARDED_AVAILABILITY = YES_AGGRESSIVE;
				CLANG_WARN_UNREACHABLE_CODE = YES;
				CLANG_WARN__DUPLICATE_METHOD_MATCH = YES;
				COPY_PHASE_STRIP = NO;
				DEBUG_INFORMATION_FORMAT = "dwarf-with-dsym";
				ENABLE_NS_ASSERTIONS = NO;
				ENABLE_STRICT_OBJC_MSGSEND = YES;
				GCC_C_LANGUAGE_STANDARD = gnu11;
				GCC_NO_COMMON_BLOCKS = YES;
				GCC_WARN_64_TO_32_BIT_CONVERSION = YES;
				GCC_WARN_ABOUT_RETURN_TYPE = YES_ERROR;
				GCC_WARN_UNDECLARED_SELECTOR = YES;
				GCC_WARN_UNINITIALIZED_AUTOS = YES_AGGRESSIVE;
				GCC_WARN_UNUSED_FUNCTION = YES;
				GCC_WARN_UNUSED_VARIABLE = YES;
				IPHONEOS_DEPLOYMENT_TARGET = 12.0;
				MTL_ENABLE_DEBUG_INFO = NO;
				MTL_FAST_MATH = YES;
				SDKROOT = iphoneos;
				SWIFT_COMPILATION_MODE = wholemodule;
				SWIFT_OPTIMIZATION_LEVEL = "-O";
				VALIDATE_PRODUCT = YES;
			};
			name = Release;
		};
		CE1F08BE26F3BB68002A5985 /* Debug */ = {
			isa = XCBuildConfiguration;
			buildSettings = {
				ASSETCATALOG_COMPILER_APPICON_NAME = AppIcon;
				ASSETCATALOG_COMPILER_GLOBAL_ACCENT_COLOR_NAME = AccentColor;
				CODE_SIGN_STYLE = Automatic;
				DEVELOPMENT_TEAM = 4SMTJMFX82;
				INFOPLIST_FILE = "Chat/Supporting files/Info.plist";
				LD_RUNPATH_SEARCH_PATHS = (
					"$(inherited)",
					"@executable_path/Frameworks",
				);
				PRODUCT_BUNDLE_IDENTIFIER = "com.evgeny-novgorodov.Chat";
				PRODUCT_NAME = "$(TARGET_NAME)";
				SWIFT_VERSION = 5.0;
				TARGETED_DEVICE_FAMILY = 1;
			};
			name = Debug;
		};
		CE1F08BF26F3BB68002A5985 /* Release */ = {
			isa = XCBuildConfiguration;
			buildSettings = {
				ASSETCATALOG_COMPILER_APPICON_NAME = AppIcon;
				ASSETCATALOG_COMPILER_GLOBAL_ACCENT_COLOR_NAME = AccentColor;
				CODE_SIGN_STYLE = Automatic;
				DEVELOPMENT_TEAM = 4SMTJMFX82;
				INFOPLIST_FILE = "Chat/Supporting files/Info.plist";
				LD_RUNPATH_SEARCH_PATHS = (
					"$(inherited)",
					"@executable_path/Frameworks",
				);
				PRODUCT_BUNDLE_IDENTIFIER = "com.evgeny-novgorodov.Chat";
				PRODUCT_NAME = "$(TARGET_NAME)";
				SWIFT_VERSION = 5.0;
				TARGETED_DEVICE_FAMILY = 1;
			};
			name = Release;
		};
/* End XCBuildConfiguration section */

/* Begin XCConfigurationList section */
		CE1F08A426F3BB67002A5985 /* Build configuration list for PBXProject "Chat" */ = {
			isa = XCConfigurationList;
			buildConfigurations = (
				CE1F08BB26F3BB68002A5985 /* Debug */,
				CE1F08BC26F3BB68002A5985 /* Release */,
			);
			defaultConfigurationIsVisible = 0;
			defaultConfigurationName = Release;
		};
		CE1F08BD26F3BB68002A5985 /* Build configuration list for PBXNativeTarget "Chat" */ = {
			isa = XCConfigurationList;
			buildConfigurations = (
				CE1F08BE26F3BB68002A5985 /* Debug */,
				CE1F08BF26F3BB68002A5985 /* Release */,
			);
			defaultConfigurationIsVisible = 0;
			defaultConfigurationName = Release;
		};
/* End XCConfigurationList section */
	};
	rootObject = CE1F08A126F3BB67002A5985 /* Project object */;
}
