// !$*UTF8*$!
{
	archiveVersion = 1;
	classes = {
	};
	objectVersion = 51;
	objects = {

/* Begin PBXBuildFile section */
		0D9E97E9521022F580AD478C /* Pods_Chat.framework in Frameworks */ = {isa = PBXBuildFile; fileRef = DCA9DF100E365DD629B40773 /* Pods_Chat.framework */; };
		CE03EE70273AF76400D9F898 /* CoreTypealiases.swift in Sources */ = {isa = PBXBuildFile; fileRef = CE03EE6F273AF76400D9F898 /* CoreTypealiases.swift */; };
		CE04B4E7271F52B80027F649 /* ProfileFilledButton.swift in Sources */ = {isa = PBXBuildFile; fileRef = CE04B4E6271F52B80027F649 /* ProfileFilledButton.swift */; };
		CE04B4E9271F59270027F649 /* ProfileNameTextField.swift in Sources */ = {isa = PBXBuildFile; fileRef = CE04B4E8271F59270027F649 /* ProfileNameTextField.swift */; };
		CE0B5F1E270CA538004B6232 /* ChannelCell.swift in Sources */ = {isa = PBXBuildFile; fileRef = CE0B5F1D270CA538004B6232 /* ChannelCell.swift */; };
		CE0B5F21270CA84E004B6232 /* SF-Pro-Text-Semibold.otf in Resources */ = {isa = PBXBuildFile; fileRef = CE0B5F20270CA84E004B6232 /* SF-Pro-Text-Semibold.otf */; };
		CE0C600A27458ACA002A1FF9 /* SettingsServiceImpl.swift in Sources */ = {isa = PBXBuildFile; fileRef = CE0C600927458ACA002A1FF9 /* SettingsServiceImpl.swift */; };
		CE0C600C27458F76002A1FF9 /* ChannelsService.swift in Sources */ = {isa = PBXBuildFile; fileRef = CE0C600B27458F76002A1FF9 /* ChannelsService.swift */; };
		CE0C600E27459691002A1FF9 /* ChannelsServiceImpl.swift in Sources */ = {isa = PBXBuildFile; fileRef = CE0C600D27459691002A1FF9 /* ChannelsServiceImpl.swift */; };
		CE0C60102745981F002A1FF9 /* MessagesServiceImpl.swift in Sources */ = {isa = PBXBuildFile; fileRef = CE0C600F2745981F002A1FF9 /* MessagesServiceImpl.swift */; };
		CE0C60122745A0C0002A1FF9 /* MessagesService.swift in Sources */ = {isa = PBXBuildFile; fileRef = CE0C60112745A0C0002A1FF9 /* MessagesService.swift */; };
		CE0FDBB826FFC7C800809ABB /* Images.xcassets in Resources */ = {isa = PBXBuildFile; fileRef = CE0FDBB726FFC7C800809ABB /* Images.xcassets */; };
		CE0FDBBA26FFCABA00809ABB /* ProfileViewController.swift in Sources */ = {isa = PBXBuildFile; fileRef = CE0FDBB926FFCABA00809ABB /* ProfileViewController.swift */; };
		CE1AE10827493D6800DFFDDD /* UICollectionView+Extension.swift in Sources */ = {isa = PBXBuildFile; fileRef = CE1AE10727493D6800DFFDDD /* UICollectionView+Extension.swift */; };
		CE1DE68A2746323B00D1219B /* ProfileServiceImpl.swift in Sources */ = {isa = PBXBuildFile; fileRef = CE1DE6892746323B00D1219B /* ProfileServiceImpl.swift */; };
		CE1DE68C2746379300D1219B /* AsyncHandlerType.swift in Sources */ = {isa = PBXBuildFile; fileRef = CE1DE68B2746379300D1219B /* AsyncHandlerType.swift */; };
		CE1DE68E2746418A00D1219B /* AsyncHandlerQoS.swift in Sources */ = {isa = PBXBuildFile; fileRef = CE1DE68D2746418A00D1219B /* AsyncHandlerQoS.swift */; };
		CE1DE69027464C1200D1219B /* ProfileService.swift in Sources */ = {isa = PBXBuildFile; fileRef = CE1DE68F27464C1200D1219B /* ProfileService.swift */; };
		CE1DE6942746893D00D1219B /* DubugLogger.swift in Sources */ = {isa = PBXBuildFile; fileRef = CE1DE6932746893D00D1219B /* DubugLogger.swift */; };
		CE1F08AD26F3BB67002A5985 /* AppDelegate.swift in Sources */ = {isa = PBXBuildFile; fileRef = CE1F08AC26F3BB67002A5985 /* AppDelegate.swift */; };
		CE1F08B126F3BB67002A5985 /* ChannelListViewController.swift in Sources */ = {isa = PBXBuildFile; fileRef = CE1F08B026F3BB67002A5985 /* ChannelListViewController.swift */; };
		CE1F08B926F3BB68002A5985 /* LaunchScreen.storyboard in Resources */ = {isa = PBXBuildFile; fileRef = CE1F08B726F3BB68002A5985 /* LaunchScreen.storyboard */; };
		CE2474C92731C5C900A4AEC0 /* CoreDataStorage.swift in Sources */ = {isa = PBXBuildFile; fileRef = CE2474C82731C5C900A4AEC0 /* CoreDataStorage.swift */; };
		CE2474CB2731C5E000A4AEC0 /* NSManagedObjectContext+Extension.swift in Sources */ = {isa = PBXBuildFile; fileRef = CE2474CA2731C5E000A4AEC0 /* NSManagedObjectContext+Extension.swift */; };
		CE2474CE2731C79100A4AEC0 /* Chat.xcdatamodeld in Sources */ = {isa = PBXBuildFile; fileRef = CE2474CC2731C79100A4AEC0 /* Chat.xcdatamodeld */; };
		CE2474D02731CE2B00A4AEC0 /* ContentManagerImpl.swift in Sources */ = {isa = PBXBuildFile; fileRef = CE2474CF2731CE2B00A4AEC0 /* ContentManagerImpl.swift */; };
		CE26087E2718A9EF00CAE9B6 /* NavigationController.swift in Sources */ = {isa = PBXBuildFile; fileRef = CE26087D2718A9EF00CAE9B6 /* NavigationController.swift */; };
		CE2608802718B01800CAE9B6 /* Theme.swift in Sources */ = {isa = PBXBuildFile; fileRef = CE26087F2718B01800CAE9B6 /* Theme.swift */; };
		CE2608832718C3DF00CAE9B6 /* SettingsManager.swift in Sources */ = {isa = PBXBuildFile; fileRef = CE2608822718C3DF00CAE9B6 /* SettingsManager.swift */; };
		CE29D2A0274E6D52001C103A /* ImagesService.swift in Sources */ = {isa = PBXBuildFile; fileRef = CE29D29F274E6D52001C103A /* ImagesService.swift */; };
		CE29D2A3274E6DDC001C103A /* APIRequestSenderImpl.swift in Sources */ = {isa = PBXBuildFile; fileRef = CE29D2A2274E6DDC001C103A /* APIRequestSenderImpl.swift */; };
		CE32F21A270484EE007262A5 /* SF-Pro-Display-Bold.otf in Resources */ = {isa = PBXBuildFile; fileRef = CE32F218270484C4007262A5 /* SF-Pro-Display-Bold.otf */; };
		CE32F21B270484F1007262A5 /* SF-Pro-Text-Regular.otf in Resources */ = {isa = PBXBuildFile; fileRef = CE32F219270484DB007262A5 /* SF-Pro-Text-Regular.otf */; };
		CE32F21D27048600007262A5 /* Fonts.swift in Sources */ = {isa = PBXBuildFile; fileRef = CE32F21C27048600007262A5 /* Fonts.swift */; };
		CE39478E270F73CE004C6FD1 /* MyMessageView.swift in Sources */ = {isa = PBXBuildFile; fileRef = CE39478D270F73CE004C6FD1 /* MyMessageView.swift */; };
		CE394790270F7C1C004C6FD1 /* PartnerMessageView.swift in Sources */ = {isa = PBXBuildFile; fileRef = CE39478F270F7C1C004C6FD1 /* PartnerMessageView.swift */; };
		CE394792270F8581004C6FD1 /* Date+Extension.swift in Sources */ = {isa = PBXBuildFile; fileRef = CE394791270F8581004C6FD1 /* Date+Extension.swift */; };
		CE3E913D270E21070029DA74 /* Channel.swift in Sources */ = {isa = PBXBuildFile; fileRef = CE3E913C270E21070029DA74 /* Channel.swift */; };
		CE3E913F270E21120029DA74 /* Message.swift in Sources */ = {isa = PBXBuildFile; fileRef = CE3E913E270E21120029DA74 /* Message.swift */; };
		CE3E9141270E2B950029DA74 /* SF-Pro-Text-Bold.otf in Resources */ = {isa = PBXBuildFile; fileRef = CE3E9140270E2B950029DA74 /* SF-Pro-Text-Bold.otf */; };
		CE3E9143270E2C440029DA74 /* SF-Pro-Text-RegularItalic.otf in Resources */ = {isa = PBXBuildFile; fileRef = CE3E9142270E2C440029DA74 /* SF-Pro-Text-RegularItalic.otf */; };
		CE3E9146270EAD430029DA74 /* MessageCell.swift in Sources */ = {isa = PBXBuildFile; fileRef = CE3E9145270EAD430029DA74 /* MessageCell.swift */; };
		CE4240A82704C1A800CA3386 /* UIViewController+Extension.swift in Sources */ = {isa = PBXBuildFile; fileRef = CE4240A72704C1A800CA3386 /* UIViewController+Extension.swift */; };
		CE4B250A27494601007E92F3 /* ImageCell.swift in Sources */ = {isa = PBXBuildFile; fileRef = CE4B250927494601007E92F3 /* ImageCell.swift */; };
		CE4B250C274958A5007E92F3 /* ImegePickerRouter.swift in Sources */ = {isa = PBXBuildFile; fileRef = CE4B250B274958A5007E92F3 /* ImegePickerRouter.swift */; };
		CE4B250E2749590C007E92F3 /* ImagePickerModel.swift in Sources */ = {isa = PBXBuildFile; fileRef = CE4B250D2749590C007E92F3 /* ImagePickerModel.swift */; };
		CE4B251027495917007E92F3 /* ImagePickerAssemby.swift in Sources */ = {isa = PBXBuildFile; fileRef = CE4B250F27495917007E92F3 /* ImagePickerAssemby.swift */; };
		CE4B251227496EA0007E92F3 /* ImagePickerInteractor.swift in Sources */ = {isa = PBXBuildFile; fileRef = CE4B251127496EA0007E92F3 /* ImagePickerInteractor.swift */; };
		CE4B251427496EAA007E92F3 /* ImagePickerPresenter.swift in Sources */ = {isa = PBXBuildFile; fileRef = CE4B251327496EAA007E92F3 /* ImagePickerPresenter.swift */; };
		CE4B251627496ECB007E92F3 /* ImagePickerDataSource.swift in Sources */ = {isa = PBXBuildFile; fileRef = CE4B251527496ECB007E92F3 /* ImagePickerDataSource.swift */; };
		CE4E07E8270247DD00AE0113 /* UIView+Extension.swift in Sources */ = {isa = PBXBuildFile; fileRef = CE4E07E7270247DD00AE0113 /* UIView+Extension.swift */; };
		CE4E07EB270249D400AE0113 /* UIStackView+Extension.swift in Sources */ = {isa = PBXBuildFile; fileRef = CE4E07EA270249D400AE0113 /* UIStackView+Extension.swift */; };
		CE54E6312729D19700B20B69 /* KeychainStorage.swift in Sources */ = {isa = PBXBuildFile; fileRef = CE54E6302729D19700B20B69 /* KeychainStorage.swift */; };
		CE6667CA2720871200DD6B40 /* Data+Extension.swift in Sources */ = {isa = PBXBuildFile; fileRef = CE6667C92720871200DD6B40 /* Data+Extension.swift */; };
		CE6667CC272099F100DD6B40 /* AsyncHandler.swift in Sources */ = {isa = PBXBuildFile; fileRef = CE6667CB272099F100DD6B40 /* AsyncHandler.swift */; };
		CE6667CE2720ACB100DD6B40 /* ProgressView.swift in Sources */ = {isa = PBXBuildFile; fileRef = CE6667CD2720ACB100DD6B40 /* ProgressView.swift */; };
		CE7A11372728832600B92C0B /* NewMessageTextField.swift in Sources */ = {isa = PBXBuildFile; fileRef = CE7A11362728832600B92C0B /* NewMessageTextField.swift */; };
		CE8B576127205E8E002E3434 /* Profile.swift in Sources */ = {isa = PBXBuildFile; fileRef = CE8B576027205E8E002E3434 /* Profile.swift */; };
		CE8B576327205F2E002E3434 /* SyncProfileDataManager.swift in Sources */ = {isa = PBXBuildFile; fileRef = CE8B576227205F2E002E3434 /* SyncProfileDataManager.swift */; };
		CE8C4079271BEEE000D0C0B5 /* FileStorageManager.swift in Sources */ = {isa = PBXBuildFile; fileRef = CE8C4078271BEEE000D0C0B5 /* FileStorageManager.swift */; };
		CE93B36127385BB400AD66F7 /* ChannelListDataSource.swift in Sources */ = {isa = PBXBuildFile; fileRef = CE93B36027385BB400AD66F7 /* ChannelListDataSource.swift */; };
		CE9AF681270B89C1006D44A8 /* ChannelViewController.swift in Sources */ = {isa = PBXBuildFile; fileRef = CE9AF680270B89C1006D44A8 /* ChannelViewController.swift */; };
		CE9AF683270B8D39006D44A8 /* Icons.swift in Sources */ = {isa = PBXBuildFile; fileRef = CE9AF682270B8D39006D44A8 /* Icons.swift */; };
		CE9AF685270B8D44006D44A8 /* Icons.xcassets in Resources */ = {isa = PBXBuildFile; fileRef = CE9AF684270B8D44006D44A8 /* Icons.xcassets */; };
		CE9B0BC32721BEC60001DF15 /* ProfileDescriptionTextField.swift in Sources */ = {isa = PBXBuildFile; fileRef = CE9B0BC22721BEC60001DF15 /* ProfileDescriptionTextField.swift */; };
		CE9C657C270F2F8A008756AC /* ConfigurableCells.swift in Sources */ = {isa = PBXBuildFile; fileRef = CE9C657B270F2F8A008756AC /* ConfigurableCells.swift */; };
		CEA00F7E2739AA10007F925E /* ChannelDataSource.swift in Sources */ = {isa = PBXBuildFile; fileRef = CEA00F7D2739AA10007F925E /* ChannelDataSource.swift */; };
		CEA00F802739AA7C007F925E /* UITableView+Extension.swift in Sources */ = {isa = PBXBuildFile; fileRef = CEA00F7F2739AA7C007F925E /* UITableView+Extension.swift */; };
		CEA143DE271600D400F39F61 /* ThemesViewController.swift in Sources */ = {isa = PBXBuildFile; fileRef = CEA143DD271600D400F39F61 /* ThemesViewController.swift */; };
		CEAC8207274826B000F50125 /* ThemesPresenter.swift in Sources */ = {isa = PBXBuildFile; fileRef = CEAC8206274826B000F50125 /* ThemesPresenter.swift */; };
		CEAC820A274937FC00F50125 /* ImagePickerViewController.swift in Sources */ = {isa = PBXBuildFile; fileRef = CEAC8209274937FC00F50125 /* ImagePickerViewController.swift */; };
		CEB97AB8272D3C8800C405CA /* ChannelAssembly.swift in Sources */ = {isa = PBXBuildFile; fileRef = CEB97AB7272D3C8800C405CA /* ChannelAssembly.swift */; };
		CEB97ABA272D3C9A00C405CA /* ChannelModel.swift in Sources */ = {isa = PBXBuildFile; fileRef = CEB97AB9272D3C9A00C405CA /* ChannelModel.swift */; };
		CEB97ABE272D3CC200C405CA /* ChannelInteractor.swift in Sources */ = {isa = PBXBuildFile; fileRef = CEB97ABD272D3CC200C405CA /* ChannelInteractor.swift */; };
		CEB97AC0272D3CCB00C405CA /* ChannelPresenter.swift in Sources */ = {isa = PBXBuildFile; fileRef = CEB97ABF272D3CCB00C405CA /* ChannelPresenter.swift */; };
		CEB97AC2272D94B800C405CA /* ProfileAssembly.swift in Sources */ = {isa = PBXBuildFile; fileRef = CEB97AC1272D94B800C405CA /* ProfileAssembly.swift */; };
		CEB97AC4272D94CC00C405CA /* ProfileModel.swift in Sources */ = {isa = PBXBuildFile; fileRef = CEB97AC3272D94CC00C405CA /* ProfileModel.swift */; };
		CEB97AC6272D94E600C405CA /* ProfileRouter.swift in Sources */ = {isa = PBXBuildFile; fileRef = CEB97AC5272D94E600C405CA /* ProfileRouter.swift */; };
		CEB97AC8272D94F000C405CA /* ProfileInteractor.swift in Sources */ = {isa = PBXBuildFile; fileRef = CEB97AC7272D94F000C405CA /* ProfileInteractor.swift */; };
		CEB97ACA272D94F900C405CA /* ProfilePresenter.swift in Sources */ = {isa = PBXBuildFile; fileRef = CEB97AC9272D94F900C405CA /* ProfilePresenter.swift */; };
		CEB97ACD272FD81700C405CA /* ChannelListViewController+Extension.swift in Sources */ = {isa = PBXBuildFile; fileRef = CEB97ACC272FD81700C405CA /* ChannelListViewController+Extension.swift */; };
		CEB97ACF272FD9CD00C405CA /* ProfileViewController+Extension.swift in Sources */ = {isa = PBXBuildFile; fileRef = CEB97ACE272FD9CD00C405CA /* ProfileViewController+Extension.swift */; };
		CEC630BB274EB06300415528 /* APIConstants.swift in Sources */ = {isa = PBXBuildFile; fileRef = CEC630BA274EB06300415528 /* APIConstants.swift */; };
		CEC630BD274EB97300415528 /* APIRequestsFactory.swift in Sources */ = {isa = PBXBuildFile; fileRef = CEC630BC274EB97300415528 /* APIRequestsFactory.swift */; };
		CEC630BF274EBD9E00415528 /* APIRequest.swift in Sources */ = {isa = PBXBuildFile; fileRef = CEC630BE274EBD9E00415528 /* APIRequest.swift */; };
		CEC630C1274EBFCA00415528 /* APIParser.swift in Sources */ = {isa = PBXBuildFile; fileRef = CEC630C0274EBFCA00415528 /* APIParser.swift */; };
		CEC630C3274EC00000415528 /* APIRequestConfig.swift in Sources */ = {isa = PBXBuildFile; fileRef = CEC630C2274EC00000415528 /* APIRequestConfig.swift */; };
		CEC630C5274EC0A100415528 /* APIRequestSender.swift in Sources */ = {isa = PBXBuildFile; fileRef = CEC630C4274EC0A100415528 /* APIRequestSender.swift */; };
		CEC630C8274EC2FA00415528 /* ImagesAPIRequest.swift in Sources */ = {isa = PBXBuildFile; fileRef = CEC630C7274EC2FA00415528 /* ImagesAPIRequest.swift */; };
		CEC630CB274EC3E400415528 /* ImagesResponseParser.swift in Sources */ = {isa = PBXBuildFile; fileRef = CEC630CA274EC3E400415528 /* ImagesResponseParser.swift */; };
		CEC630CD274EC9E000415528 /* ImagesResponse.swift in Sources */ = {isa = PBXBuildFile; fileRef = CEC630CC274EC9E000415528 /* ImagesResponse.swift */; };
		CEC630D0274FC53A00415528 /* PartnerMessageViewModel.swift in Sources */ = {isa = PBXBuildFile; fileRef = CEC630CF274FC53A00415528 /* PartnerMessageViewModel.swift */; };
		CEC630D3274FC90700415528 /* MyMessageViewModel.swift in Sources */ = {isa = PBXBuildFile; fileRef = CEC630D2274FC90700415528 /* MyMessageViewModel.swift */; };
		CEC630D5274FCE1F00415528 /* ChannelRouter.swift in Sources */ = {isa = PBXBuildFile; fileRef = CEC630D4274FCE1F00415528 /* ChannelRouter.swift */; };
		CEC630F72750039D00415528 /* CellDataFetcher.swift in Sources */ = {isa = PBXBuildFile; fileRef = CEC630F62750039D00415528 /* CellDataFetcher.swift */; };
		CED023E726FFB61100062489 /* Assets.xcassets in Resources */ = {isa = PBXBuildFile; fileRef = CED023E626FFB61100062489 /* Assets.xcassets */; };
		CED84B3927025BC300D4E4EB /* Palette.xcassets in Resources */ = {isa = PBXBuildFile; fileRef = CED84B3827025BC300D4E4EB /* Palette.xcassets */; };
		CED84B3C27025D1700D4E4EB /* Palette.swift in Sources */ = {isa = PBXBuildFile; fileRef = CED84B3B27025D1700D4E4EB /* Palette.swift */; };
		CED84B3E27025F4200D4E4EB /* Images.swift in Sources */ = {isa = PBXBuildFile; fileRef = CED84B3D27025F4200D4E4EB /* Images.swift */; };
		CEDBA13D27272CF700B5C98E /* GoogleService-Info.plist in Resources */ = {isa = PBXBuildFile; fileRef = CEDBA13C27272CF700B5C98E /* GoogleService-Info.plist */; };
		CEDC7F2327345BD400D9BE4F /* FirestoreManager.swift in Sources */ = {isa = PBXBuildFile; fileRef = CEDC7F2227345BD400D9BE4F /* FirestoreManager.swift */; };
		CEE6513E2721F013009DD993 /* ProfileDataManager.swift in Sources */ = {isa = PBXBuildFile; fileRef = CEE6513D2721F013009DD993 /* ProfileDataManager.swift */; };
		CEE77AB42736F1A9004F69A4 /* FirestoreObject.swift in Sources */ = {isa = PBXBuildFile; fileRef = CEE77AB32736F1A9004F69A4 /* FirestoreObject.swift */; };
		CEE9FF09272C747C00628F34 /* ChannelListInteractor.swift in Sources */ = {isa = PBXBuildFile; fileRef = CEE9FF08272C747C00628F34 /* ChannelListInteractor.swift */; };
		CEE9FF0B272C748500628F34 /* ChannelListPresenter.swift in Sources */ = {isa = PBXBuildFile; fileRef = CEE9FF0A272C748500628F34 /* ChannelListPresenter.swift */; };
		CEE9FF0D272C749B00628F34 /* ChannelListAssembly.swift in Sources */ = {isa = PBXBuildFile; fileRef = CEE9FF0C272C749B00628F34 /* ChannelListAssembly.swift */; };
		CEE9FF0F272C74AF00628F34 /* ChannelListModel.swift in Sources */ = {isa = PBXBuildFile; fileRef = CEE9FF0E272C74AF00628F34 /* ChannelListModel.swift */; };
		CEE9FF12272C75A600628F34 /* ChannelListRouter.swift in Sources */ = {isa = PBXBuildFile; fileRef = CEE9FF11272C75A600628F34 /* ChannelListRouter.swift */; };
		CEEA427E274D206500420134 /* TopBarView.swift in Sources */ = {isa = PBXBuildFile; fileRef = CEEA427D274D206500420134 /* TopBarView.swift */; };
		CEEA4280274D4B0500420134 /* ImagesServiceImpl.swift in Sources */ = {isa = PBXBuildFile; fileRef = CEEA427F274D4B0500420134 /* ImagesServiceImpl.swift */; };
		CEEA4282274D686700420134 /* UIImageView+Extension.swift in Sources */ = {isa = PBXBuildFile; fileRef = CEEA4281274D686700420134 /* UIImageView+Extension.swift */; };
		CEEDAEE9271C8823005B8F21 /* KeyboardNotificationsViewController.swift in Sources */ = {isa = PBXBuildFile; fileRef = CEEDAEE8271C8823005B8F21 /* KeyboardNotificationsViewController.swift */; };
		CEFBEA27273BAECE00EE5C43 /* FetchedResultsControllerDelegate.swift in Sources */ = {isa = PBXBuildFile; fileRef = CEFBEA26273BAECE00EE5C43 /* FetchedResultsControllerDelegate.swift */; };
		CEFE086E2745538E0057CED6 /* ServiceLayer.swift in Sources */ = {isa = PBXBuildFile; fileRef = CEFE086D2745538E0057CED6 /* ServiceLayer.swift */; };
		CEFE08702745544F0057CED6 /* SettingsService.swift in Sources */ = {isa = PBXBuildFile; fileRef = CEFE086F2745544F0057CED6 /* SettingsService.swift */; };
		CEFE0875274559600057CED6 /* CoreConstants.swift in Sources */ = {isa = PBXBuildFile; fileRef = CEFE0874274559600057CED6 /* CoreConstants.swift */; };
		CEFE087727456B810057CED6 /* GlobalData.swift in Sources */ = {isa = PBXBuildFile; fileRef = CEFE087627456B810057CED6 /* GlobalData.swift */; };
		CEFE087A274578A30057CED6 /* ContentManager.swift in Sources */ = {isa = PBXBuildFile; fileRef = CEFE0879274578A30057CED6 /* ContentManager.swift */; };
		CEFE087E274579DF0057CED6 /* KeychainStorageImpl.swift in Sources */ = {isa = PBXBuildFile; fileRef = CEFE087D274579DF0057CED6 /* KeychainStorageImpl.swift */; };
		CEFE088027457A0B0057CED6 /* CoreDataStorageImpl.swift in Sources */ = {isa = PBXBuildFile; fileRef = CEFE087F27457A0B0057CED6 /* CoreDataStorageImpl.swift */; };
		CEFE088227457D3C0057CED6 /* FirestoreManagerImpl.swift in Sources */ = {isa = PBXBuildFile; fileRef = CEFE088127457D3C0057CED6 /* FirestoreManagerImpl.swift */; };
		CEFE088427457DA00057CED6 /* SettingsManagerImpl.swift in Sources */ = {isa = PBXBuildFile; fileRef = CEFE088327457DA00057CED6 /* SettingsManagerImpl.swift */; };
		CEFE088627457F760057CED6 /* ProfileDataManagerImpl.swift in Sources */ = {isa = PBXBuildFile; fileRef = CEFE088527457F760057CED6 /* ProfileDataManagerImpl.swift */; };
		CEFE0888274581630057CED6 /* SyncProfileDataManagerImpl.swift in Sources */ = {isa = PBXBuildFile; fileRef = CEFE0887274581630057CED6 /* SyncProfileDataManagerImpl.swift */; };
		CEFE088A2745826F0057CED6 /* FileStorageDataType.swift in Sources */ = {isa = PBXBuildFile; fileRef = CEFE08892745826F0057CED6 /* FileStorageDataType.swift */; };
		CEFE088C274583730057CED6 /* FileStorageManagerImpl.swift in Sources */ = {isa = PBXBuildFile; fileRef = CEFE088B274583730057CED6 /* FileStorageManagerImpl.swift */; };
/* End PBXBuildFile section */

/* Begin PBXFileReference section */
		91BA8C10F59B945498394334 /* Pods-Chat.release.xcconfig */ = {isa = PBXFileReference; includeInIndex = 1; lastKnownFileType = text.xcconfig; name = "Pods-Chat.release.xcconfig"; path = "Target Support Files/Pods-Chat/Pods-Chat.release.xcconfig"; sourceTree = "<group>"; };
		CE03EE6F273AF76400D9F898 /* CoreTypealiases.swift */ = {isa = PBXFileReference; lastKnownFileType = sourcecode.swift; path = CoreTypealiases.swift; sourceTree = "<group>"; };
		CE04B4E6271F52B80027F649 /* ProfileFilledButton.swift */ = {isa = PBXFileReference; lastKnownFileType = sourcecode.swift; path = ProfileFilledButton.swift; sourceTree = "<group>"; };
		CE04B4E8271F59270027F649 /* ProfileNameTextField.swift */ = {isa = PBXFileReference; lastKnownFileType = sourcecode.swift; path = ProfileNameTextField.swift; sourceTree = "<group>"; };
		CE0B5F1D270CA538004B6232 /* ChannelCell.swift */ = {isa = PBXFileReference; lastKnownFileType = sourcecode.swift; path = ChannelCell.swift; sourceTree = "<group>"; };
		CE0B5F20270CA84E004B6232 /* SF-Pro-Text-Semibold.otf */ = {isa = PBXFileReference; lastKnownFileType = file; path = "SF-Pro-Text-Semibold.otf"; sourceTree = "<group>"; };
		CE0C600927458ACA002A1FF9 /* SettingsServiceImpl.swift */ = {isa = PBXFileReference; lastKnownFileType = sourcecode.swift; path = SettingsServiceImpl.swift; sourceTree = "<group>"; };
		CE0C600B27458F76002A1FF9 /* ChannelsService.swift */ = {isa = PBXFileReference; lastKnownFileType = sourcecode.swift; path = ChannelsService.swift; sourceTree = "<group>"; };
		CE0C600D27459691002A1FF9 /* ChannelsServiceImpl.swift */ = {isa = PBXFileReference; lastKnownFileType = sourcecode.swift; path = ChannelsServiceImpl.swift; sourceTree = "<group>"; };
		CE0C600F2745981F002A1FF9 /* MessagesServiceImpl.swift */ = {isa = PBXFileReference; lastKnownFileType = sourcecode.swift; path = MessagesServiceImpl.swift; sourceTree = "<group>"; };
		CE0C60112745A0C0002A1FF9 /* MessagesService.swift */ = {isa = PBXFileReference; lastKnownFileType = sourcecode.swift; path = MessagesService.swift; sourceTree = "<group>"; };
		CE0FDBB726FFC7C800809ABB /* Images.xcassets */ = {isa = PBXFileReference; lastKnownFileType = folder.assetcatalog; path = Images.xcassets; sourceTree = "<group>"; };
		CE0FDBB926FFCABA00809ABB /* ProfileViewController.swift */ = {isa = PBXFileReference; lastKnownFileType = sourcecode.swift; path = ProfileViewController.swift; sourceTree = "<group>"; };
		CE1AE10727493D6800DFFDDD /* UICollectionView+Extension.swift */ = {isa = PBXFileReference; lastKnownFileType = sourcecode.swift; path = "UICollectionView+Extension.swift"; sourceTree = "<group>"; };
		CE1DE6892746323B00D1219B /* ProfileServiceImpl.swift */ = {isa = PBXFileReference; lastKnownFileType = sourcecode.swift; path = ProfileServiceImpl.swift; sourceTree = "<group>"; };
		CE1DE68B2746379300D1219B /* AsyncHandlerType.swift */ = {isa = PBXFileReference; lastKnownFileType = sourcecode.swift; path = AsyncHandlerType.swift; sourceTree = "<group>"; };
		CE1DE68D2746418A00D1219B /* AsyncHandlerQoS.swift */ = {isa = PBXFileReference; lastKnownFileType = sourcecode.swift; path = AsyncHandlerQoS.swift; sourceTree = "<group>"; };
		CE1DE68F27464C1200D1219B /* ProfileService.swift */ = {isa = PBXFileReference; lastKnownFileType = sourcecode.swift; path = ProfileService.swift; sourceTree = "<group>"; };
		CE1DE6932746893D00D1219B /* DubugLogger.swift */ = {isa = PBXFileReference; lastKnownFileType = sourcecode.swift; path = DubugLogger.swift; sourceTree = "<group>"; };
		CE1F08A926F3BB67002A5985 /* Chat.app */ = {isa = PBXFileReference; explicitFileType = wrapper.application; includeInIndex = 0; path = Chat.app; sourceTree = BUILT_PRODUCTS_DIR; };
		CE1F08AC26F3BB67002A5985 /* AppDelegate.swift */ = {isa = PBXFileReference; lastKnownFileType = sourcecode.swift; path = AppDelegate.swift; sourceTree = "<group>"; };
		CE1F08B026F3BB67002A5985 /* ChannelListViewController.swift */ = {isa = PBXFileReference; lastKnownFileType = sourcecode.swift; path = ChannelListViewController.swift; sourceTree = "<group>"; };
		CE1F08B826F3BB68002A5985 /* Base */ = {isa = PBXFileReference; lastKnownFileType = file.storyboard; name = Base; path = Base.lproj/LaunchScreen.storyboard; sourceTree = "<group>"; };
		CE1F08BA26F3BB68002A5985 /* Info.plist */ = {isa = PBXFileReference; lastKnownFileType = text.plist.xml; path = Info.plist; sourceTree = "<group>"; };
		CE2474C82731C5C900A4AEC0 /* CoreDataStorage.swift */ = {isa = PBXFileReference; fileEncoding = 4; lastKnownFileType = sourcecode.swift; path = CoreDataStorage.swift; sourceTree = "<group>"; };
		CE2474CA2731C5E000A4AEC0 /* NSManagedObjectContext+Extension.swift */ = {isa = PBXFileReference; fileEncoding = 4; lastKnownFileType = sourcecode.swift; path = "NSManagedObjectContext+Extension.swift"; sourceTree = "<group>"; };
		CE2474CD2731C79100A4AEC0 /* Chat.xcdatamodel */ = {isa = PBXFileReference; lastKnownFileType = wrapper.xcdatamodel; path = Chat.xcdatamodel; sourceTree = "<group>"; };
		CE2474CF2731CE2B00A4AEC0 /* ContentManagerImpl.swift */ = {isa = PBXFileReference; fileEncoding = 4; lastKnownFileType = sourcecode.swift; path = ContentManagerImpl.swift; sourceTree = "<group>"; };
		CE26087D2718A9EF00CAE9B6 /* NavigationController.swift */ = {isa = PBXFileReference; lastKnownFileType = sourcecode.swift; path = NavigationController.swift; sourceTree = "<group>"; };
		CE26087F2718B01800CAE9B6 /* Theme.swift */ = {isa = PBXFileReference; lastKnownFileType = sourcecode.swift; path = Theme.swift; sourceTree = "<group>"; };
		CE2608822718C3DF00CAE9B6 /* SettingsManager.swift */ = {isa = PBXFileReference; lastKnownFileType = sourcecode.swift; path = SettingsManager.swift; sourceTree = "<group>"; };
		CE29D29F274E6D52001C103A /* ImagesService.swift */ = {isa = PBXFileReference; lastKnownFileType = sourcecode.swift; path = ImagesService.swift; sourceTree = "<group>"; };
		CE29D2A2274E6DDC001C103A /* APIRequestSenderImpl.swift */ = {isa = PBXFileReference; lastKnownFileType = sourcecode.swift; path = APIRequestSenderImpl.swift; sourceTree = "<group>"; };
		CE32F218270484C4007262A5 /* SF-Pro-Display-Bold.otf */ = {isa = PBXFileReference; lastKnownFileType = file; path = "SF-Pro-Display-Bold.otf"; sourceTree = "<group>"; };
		CE32F219270484DB007262A5 /* SF-Pro-Text-Regular.otf */ = {isa = PBXFileReference; lastKnownFileType = file; path = "SF-Pro-Text-Regular.otf"; sourceTree = "<group>"; };
		CE32F21C27048600007262A5 /* Fonts.swift */ = {isa = PBXFileReference; lastKnownFileType = sourcecode.swift; path = Fonts.swift; sourceTree = "<group>"; };
		CE39478D270F73CE004C6FD1 /* MyMessageView.swift */ = {isa = PBXFileReference; lastKnownFileType = sourcecode.swift; path = MyMessageView.swift; sourceTree = "<group>"; };
		CE39478F270F7C1C004C6FD1 /* PartnerMessageView.swift */ = {isa = PBXFileReference; lastKnownFileType = sourcecode.swift; path = PartnerMessageView.swift; sourceTree = "<group>"; };
		CE394791270F8581004C6FD1 /* Date+Extension.swift */ = {isa = PBXFileReference; lastKnownFileType = sourcecode.swift; path = "Date+Extension.swift"; sourceTree = "<group>"; };
		CE3E913C270E21070029DA74 /* Channel.swift */ = {isa = PBXFileReference; lastKnownFileType = sourcecode.swift; path = Channel.swift; sourceTree = "<group>"; };
		CE3E913E270E21120029DA74 /* Message.swift */ = {isa = PBXFileReference; lastKnownFileType = sourcecode.swift; path = Message.swift; sourceTree = "<group>"; };
		CE3E9140270E2B950029DA74 /* SF-Pro-Text-Bold.otf */ = {isa = PBXFileReference; lastKnownFileType = file; path = "SF-Pro-Text-Bold.otf"; sourceTree = "<group>"; };
		CE3E9142270E2C440029DA74 /* SF-Pro-Text-RegularItalic.otf */ = {isa = PBXFileReference; lastKnownFileType = file; path = "SF-Pro-Text-RegularItalic.otf"; sourceTree = "<group>"; };
		CE3E9145270EAD430029DA74 /* MessageCell.swift */ = {isa = PBXFileReference; lastKnownFileType = sourcecode.swift; path = MessageCell.swift; sourceTree = "<group>"; };
		CE4240A72704C1A800CA3386 /* UIViewController+Extension.swift */ = {isa = PBXFileReference; lastKnownFileType = sourcecode.swift; path = "UIViewController+Extension.swift"; sourceTree = "<group>"; };
		CE4B250927494601007E92F3 /* ImageCell.swift */ = {isa = PBXFileReference; lastKnownFileType = sourcecode.swift; path = ImageCell.swift; sourceTree = "<group>"; };
		CE4B250B274958A5007E92F3 /* ImegePickerRouter.swift */ = {isa = PBXFileReference; lastKnownFileType = sourcecode.swift; path = ImegePickerRouter.swift; sourceTree = "<group>"; };
		CE4B250D2749590C007E92F3 /* ImagePickerModel.swift */ = {isa = PBXFileReference; lastKnownFileType = sourcecode.swift; path = ImagePickerModel.swift; sourceTree = "<group>"; };
		CE4B250F27495917007E92F3 /* ImagePickerAssemby.swift */ = {isa = PBXFileReference; lastKnownFileType = sourcecode.swift; path = ImagePickerAssemby.swift; sourceTree = "<group>"; };
		CE4B251127496EA0007E92F3 /* ImagePickerInteractor.swift */ = {isa = PBXFileReference; lastKnownFileType = sourcecode.swift; path = ImagePickerInteractor.swift; sourceTree = "<group>"; };
		CE4B251327496EAA007E92F3 /* ImagePickerPresenter.swift */ = {isa = PBXFileReference; lastKnownFileType = sourcecode.swift; path = ImagePickerPresenter.swift; sourceTree = "<group>"; };
		CE4B251527496ECB007E92F3 /* ImagePickerDataSource.swift */ = {isa = PBXFileReference; lastKnownFileType = sourcecode.swift; path = ImagePickerDataSource.swift; sourceTree = "<group>"; };
		CE4E07E7270247DD00AE0113 /* UIView+Extension.swift */ = {isa = PBXFileReference; lastKnownFileType = sourcecode.swift; path = "UIView+Extension.swift"; sourceTree = "<group>"; };
		CE4E07EA270249D400AE0113 /* UIStackView+Extension.swift */ = {isa = PBXFileReference; lastKnownFileType = sourcecode.swift; path = "UIStackView+Extension.swift"; sourceTree = "<group>"; };
		CE54E6302729D19700B20B69 /* KeychainStorage.swift */ = {isa = PBXFileReference; lastKnownFileType = sourcecode.swift; path = KeychainStorage.swift; sourceTree = "<group>"; };
		CE6667C92720871200DD6B40 /* Data+Extension.swift */ = {isa = PBXFileReference; lastKnownFileType = sourcecode.swift; path = "Data+Extension.swift"; sourceTree = "<group>"; };
		CE6667CB272099F100DD6B40 /* AsyncHandler.swift */ = {isa = PBXFileReference; lastKnownFileType = sourcecode.swift; path = AsyncHandler.swift; sourceTree = "<group>"; };
		CE6667CD2720ACB100DD6B40 /* ProgressView.swift */ = {isa = PBXFileReference; lastKnownFileType = sourcecode.swift; path = ProgressView.swift; sourceTree = "<group>"; };
		CE7A11362728832600B92C0B /* NewMessageTextField.swift */ = {isa = PBXFileReference; lastKnownFileType = sourcecode.swift; path = NewMessageTextField.swift; sourceTree = "<group>"; };
		CE8B576027205E8E002E3434 /* Profile.swift */ = {isa = PBXFileReference; lastKnownFileType = sourcecode.swift; path = Profile.swift; sourceTree = "<group>"; };
		CE8B576227205F2E002E3434 /* SyncProfileDataManager.swift */ = {isa = PBXFileReference; lastKnownFileType = sourcecode.swift; path = SyncProfileDataManager.swift; sourceTree = "<group>"; };
		CE8C4078271BEEE000D0C0B5 /* FileStorageManager.swift */ = {isa = PBXFileReference; fileEncoding = 4; lastKnownFileType = sourcecode.swift; path = FileStorageManager.swift; sourceTree = "<group>"; };
		CE93B36027385BB400AD66F7 /* ChannelListDataSource.swift */ = {isa = PBXFileReference; lastKnownFileType = sourcecode.swift; path = ChannelListDataSource.swift; sourceTree = "<group>"; };
		CE9AF680270B89C1006D44A8 /* ChannelViewController.swift */ = {isa = PBXFileReference; lastKnownFileType = sourcecode.swift; path = ChannelViewController.swift; sourceTree = "<group>"; };
		CE9AF682270B8D39006D44A8 /* Icons.swift */ = {isa = PBXFileReference; lastKnownFileType = sourcecode.swift; path = Icons.swift; sourceTree = "<group>"; };
		CE9AF684270B8D44006D44A8 /* Icons.xcassets */ = {isa = PBXFileReference; lastKnownFileType = folder.assetcatalog; path = Icons.xcassets; sourceTree = "<group>"; };
		CE9B0BC22721BEC60001DF15 /* ProfileDescriptionTextField.swift */ = {isa = PBXFileReference; lastKnownFileType = sourcecode.swift; path = ProfileDescriptionTextField.swift; sourceTree = "<group>"; };
		CE9C657B270F2F8A008756AC /* ConfigurableCells.swift */ = {isa = PBXFileReference; lastKnownFileType = sourcecode.swift; path = ConfigurableCells.swift; sourceTree = "<group>"; };
		CEA00F7D2739AA10007F925E /* ChannelDataSource.swift */ = {isa = PBXFileReference; lastKnownFileType = sourcecode.swift; path = ChannelDataSource.swift; sourceTree = "<group>"; };
		CEA00F7F2739AA7C007F925E /* UITableView+Extension.swift */ = {isa = PBXFileReference; lastKnownFileType = sourcecode.swift; path = "UITableView+Extension.swift"; sourceTree = "<group>"; };
		CEA143DD271600D400F39F61 /* ThemesViewController.swift */ = {isa = PBXFileReference; lastKnownFileType = sourcecode.swift; path = ThemesViewController.swift; sourceTree = "<group>"; };
		CEAC8206274826B000F50125 /* ThemesPresenter.swift */ = {isa = PBXFileReference; lastKnownFileType = sourcecode.swift; path = ThemesPresenter.swift; sourceTree = "<group>"; };
		CEAC8209274937FC00F50125 /* ImagePickerViewController.swift */ = {isa = PBXFileReference; lastKnownFileType = sourcecode.swift; path = ImagePickerViewController.swift; sourceTree = "<group>"; };
		CEB97AB7272D3C8800C405CA /* ChannelAssembly.swift */ = {isa = PBXFileReference; lastKnownFileType = sourcecode.swift; path = ChannelAssembly.swift; sourceTree = "<group>"; };
		CEB97AB9272D3C9A00C405CA /* ChannelModel.swift */ = {isa = PBXFileReference; lastKnownFileType = sourcecode.swift; path = ChannelModel.swift; sourceTree = "<group>"; };
		CEB97ABD272D3CC200C405CA /* ChannelInteractor.swift */ = {isa = PBXFileReference; lastKnownFileType = sourcecode.swift; path = ChannelInteractor.swift; sourceTree = "<group>"; };
		CEB97ABF272D3CCB00C405CA /* ChannelPresenter.swift */ = {isa = PBXFileReference; lastKnownFileType = sourcecode.swift; path = ChannelPresenter.swift; sourceTree = "<group>"; };
		CEB97AC1272D94B800C405CA /* ProfileAssembly.swift */ = {isa = PBXFileReference; lastKnownFileType = sourcecode.swift; path = ProfileAssembly.swift; sourceTree = "<group>"; };
		CEB97AC3272D94CC00C405CA /* ProfileModel.swift */ = {isa = PBXFileReference; lastKnownFileType = sourcecode.swift; path = ProfileModel.swift; sourceTree = "<group>"; };
		CEB97AC5272D94E600C405CA /* ProfileRouter.swift */ = {isa = PBXFileReference; lastKnownFileType = sourcecode.swift; path = ProfileRouter.swift; sourceTree = "<group>"; };
		CEB97AC7272D94F000C405CA /* ProfileInteractor.swift */ = {isa = PBXFileReference; lastKnownFileType = sourcecode.swift; path = ProfileInteractor.swift; sourceTree = "<group>"; };
		CEB97AC9272D94F900C405CA /* ProfilePresenter.swift */ = {isa = PBXFileReference; lastKnownFileType = sourcecode.swift; path = ProfilePresenter.swift; sourceTree = "<group>"; };
		CEB97ACC272FD81700C405CA /* ChannelListViewController+Extension.swift */ = {isa = PBXFileReference; lastKnownFileType = sourcecode.swift; path = "ChannelListViewController+Extension.swift"; sourceTree = "<group>"; };
		CEB97ACE272FD9CD00C405CA /* ProfileViewController+Extension.swift */ = {isa = PBXFileReference; lastKnownFileType = sourcecode.swift; path = "ProfileViewController+Extension.swift"; sourceTree = "<group>"; };
		CEC630BA274EB06300415528 /* APIConstants.swift */ = {isa = PBXFileReference; lastKnownFileType = sourcecode.swift; path = APIConstants.swift; sourceTree = "<group>"; };
		CEC630BC274EB97300415528 /* APIRequestsFactory.swift */ = {isa = PBXFileReference; lastKnownFileType = sourcecode.swift; path = APIRequestsFactory.swift; sourceTree = "<group>"; };
		CEC630BE274EBD9E00415528 /* APIRequest.swift */ = {isa = PBXFileReference; lastKnownFileType = sourcecode.swift; path = APIRequest.swift; sourceTree = "<group>"; };
		CEC630C0274EBFCA00415528 /* APIParser.swift */ = {isa = PBXFileReference; lastKnownFileType = sourcecode.swift; path = APIParser.swift; sourceTree = "<group>"; };
		CEC630C2274EC00000415528 /* APIRequestConfig.swift */ = {isa = PBXFileReference; lastKnownFileType = sourcecode.swift; path = APIRequestConfig.swift; sourceTree = "<group>"; };
		CEC630C4274EC0A100415528 /* APIRequestSender.swift */ = {isa = PBXFileReference; lastKnownFileType = sourcecode.swift; path = APIRequestSender.swift; sourceTree = "<group>"; };
		CEC630C7274EC2FA00415528 /* ImagesAPIRequest.swift */ = {isa = PBXFileReference; lastKnownFileType = sourcecode.swift; path = ImagesAPIRequest.swift; sourceTree = "<group>"; };
		CEC630CA274EC3E400415528 /* ImagesResponseParser.swift */ = {isa = PBXFileReference; lastKnownFileType = sourcecode.swift; path = ImagesResponseParser.swift; sourceTree = "<group>"; };
		CEC630CC274EC9E000415528 /* ImagesResponse.swift */ = {isa = PBXFileReference; lastKnownFileType = sourcecode.swift; path = ImagesResponse.swift; sourceTree = "<group>"; };
		CEC630CF274FC53A00415528 /* PartnerMessageViewModel.swift */ = {isa = PBXFileReference; lastKnownFileType = sourcecode.swift; path = PartnerMessageViewModel.swift; sourceTree = "<group>"; };
		CEC630D2274FC90700415528 /* MyMessageViewModel.swift */ = {isa = PBXFileReference; lastKnownFileType = sourcecode.swift; path = MyMessageViewModel.swift; sourceTree = "<group>"; };
		CEC630D4274FCE1F00415528 /* ChannelRouter.swift */ = {isa = PBXFileReference; lastKnownFileType = sourcecode.swift; path = ChannelRouter.swift; sourceTree = "<group>"; };
		CEC630F62750039D00415528 /* CellDataFetcher.swift */ = {isa = PBXFileReference; lastKnownFileType = sourcecode.swift; path = CellDataFetcher.swift; sourceTree = "<group>"; };
		CED023E626FFB61100062489 /* Assets.xcassets */ = {isa = PBXFileReference; lastKnownFileType = folder.assetcatalog; path = Assets.xcassets; sourceTree = "<group>"; };
		CED84B3827025BC300D4E4EB /* Palette.xcassets */ = {isa = PBXFileReference; lastKnownFileType = folder.assetcatalog; path = Palette.xcassets; sourceTree = "<group>"; };
		CED84B3B27025D1700D4E4EB /* Palette.swift */ = {isa = PBXFileReference; lastKnownFileType = sourcecode.swift; path = Palette.swift; sourceTree = "<group>"; };
		CED84B3D27025F4200D4E4EB /* Images.swift */ = {isa = PBXFileReference; lastKnownFileType = sourcecode.swift; path = Images.swift; sourceTree = "<group>"; };
		CEDBA13C27272CF700B5C98E /* GoogleService-Info.plist */ = {isa = PBXFileReference; fileEncoding = 4; lastKnownFileType = text.plist.xml; path = "GoogleService-Info.plist"; sourceTree = "<group>"; };
		CEDC7F2227345BD400D9BE4F /* FirestoreManager.swift */ = {isa = PBXFileReference; lastKnownFileType = sourcecode.swift; path = FirestoreManager.swift; sourceTree = "<group>"; };
		CEE6513D2721F013009DD993 /* ProfileDataManager.swift */ = {isa = PBXFileReference; lastKnownFileType = sourcecode.swift; path = ProfileDataManager.swift; sourceTree = "<group>"; };
		CEE77AB32736F1A9004F69A4 /* FirestoreObject.swift */ = {isa = PBXFileReference; lastKnownFileType = sourcecode.swift; path = FirestoreObject.swift; sourceTree = "<group>"; };
		CEE9FF08272C747C00628F34 /* ChannelListInteractor.swift */ = {isa = PBXFileReference; lastKnownFileType = sourcecode.swift; path = ChannelListInteractor.swift; sourceTree = "<group>"; };
		CEE9FF0A272C748500628F34 /* ChannelListPresenter.swift */ = {isa = PBXFileReference; lastKnownFileType = sourcecode.swift; path = ChannelListPresenter.swift; sourceTree = "<group>"; };
		CEE9FF0C272C749B00628F34 /* ChannelListAssembly.swift */ = {isa = PBXFileReference; lastKnownFileType = sourcecode.swift; path = ChannelListAssembly.swift; sourceTree = "<group>"; };
		CEE9FF0E272C74AF00628F34 /* ChannelListModel.swift */ = {isa = PBXFileReference; lastKnownFileType = sourcecode.swift; path = ChannelListModel.swift; sourceTree = "<group>"; };
		CEE9FF11272C75A600628F34 /* ChannelListRouter.swift */ = {isa = PBXFileReference; lastKnownFileType = sourcecode.swift; path = ChannelListRouter.swift; sourceTree = "<group>"; };
		CEEA427D274D206500420134 /* TopBarView.swift */ = {isa = PBXFileReference; lastKnownFileType = sourcecode.swift; path = TopBarView.swift; sourceTree = "<group>"; };
		CEEA427F274D4B0500420134 /* ImagesServiceImpl.swift */ = {isa = PBXFileReference; lastKnownFileType = sourcecode.swift; path = ImagesServiceImpl.swift; sourceTree = "<group>"; };
		CEEA4281274D686700420134 /* UIImageView+Extension.swift */ = {isa = PBXFileReference; lastKnownFileType = sourcecode.swift; path = "UIImageView+Extension.swift"; sourceTree = "<group>"; };
		CEEDAEE8271C8823005B8F21 /* KeyboardNotificationsViewController.swift */ = {isa = PBXFileReference; lastKnownFileType = sourcecode.swift; path = KeyboardNotificationsViewController.swift; sourceTree = "<group>"; };
		CEFBEA26273BAECE00EE5C43 /* FetchedResultsControllerDelegate.swift */ = {isa = PBXFileReference; lastKnownFileType = sourcecode.swift; path = FetchedResultsControllerDelegate.swift; sourceTree = "<group>"; };
		CEFE086D2745538E0057CED6 /* ServiceLayer.swift */ = {isa = PBXFileReference; lastKnownFileType = sourcecode.swift; path = ServiceLayer.swift; sourceTree = "<group>"; };
		CEFE086F2745544F0057CED6 /* SettingsService.swift */ = {isa = PBXFileReference; lastKnownFileType = sourcecode.swift; path = SettingsService.swift; sourceTree = "<group>"; };
		CEFE0874274559600057CED6 /* CoreConstants.swift */ = {isa = PBXFileReference; lastKnownFileType = sourcecode.swift; path = CoreConstants.swift; sourceTree = "<group>"; };
		CEFE087627456B810057CED6 /* GlobalData.swift */ = {isa = PBXFileReference; lastKnownFileType = sourcecode.swift; path = GlobalData.swift; sourceTree = "<group>"; };
		CEFE0879274578A30057CED6 /* ContentManager.swift */ = {isa = PBXFileReference; lastKnownFileType = sourcecode.swift; path = ContentManager.swift; sourceTree = "<group>"; };
		CEFE087D274579DF0057CED6 /* KeychainStorageImpl.swift */ = {isa = PBXFileReference; lastKnownFileType = sourcecode.swift; path = KeychainStorageImpl.swift; sourceTree = "<group>"; };
		CEFE087F27457A0B0057CED6 /* CoreDataStorageImpl.swift */ = {isa = PBXFileReference; lastKnownFileType = sourcecode.swift; path = CoreDataStorageImpl.swift; sourceTree = "<group>"; };
		CEFE088127457D3C0057CED6 /* FirestoreManagerImpl.swift */ = {isa = PBXFileReference; lastKnownFileType = sourcecode.swift; path = FirestoreManagerImpl.swift; sourceTree = "<group>"; };
		CEFE088327457DA00057CED6 /* SettingsManagerImpl.swift */ = {isa = PBXFileReference; lastKnownFileType = sourcecode.swift; path = SettingsManagerImpl.swift; sourceTree = "<group>"; };
		CEFE088527457F760057CED6 /* ProfileDataManagerImpl.swift */ = {isa = PBXFileReference; lastKnownFileType = sourcecode.swift; path = ProfileDataManagerImpl.swift; sourceTree = "<group>"; };
		CEFE0887274581630057CED6 /* SyncProfileDataManagerImpl.swift */ = {isa = PBXFileReference; lastKnownFileType = sourcecode.swift; path = SyncProfileDataManagerImpl.swift; sourceTree = "<group>"; };
		CEFE08892745826F0057CED6 /* FileStorageDataType.swift */ = {isa = PBXFileReference; lastKnownFileType = sourcecode.swift; path = FileStorageDataType.swift; sourceTree = "<group>"; };
		CEFE088B274583730057CED6 /* FileStorageManagerImpl.swift */ = {isa = PBXFileReference; lastKnownFileType = sourcecode.swift; path = FileStorageManagerImpl.swift; sourceTree = "<group>"; };
		DCA9DF100E365DD629B40773 /* Pods_Chat.framework */ = {isa = PBXFileReference; explicitFileType = wrapper.framework; includeInIndex = 0; path = Pods_Chat.framework; sourceTree = BUILT_PRODUCTS_DIR; };
		F32C6D752BDF633B478DA905 /* Pods-Chat.debug.xcconfig */ = {isa = PBXFileReference; includeInIndex = 1; lastKnownFileType = text.xcconfig; name = "Pods-Chat.debug.xcconfig"; path = "Target Support Files/Pods-Chat/Pods-Chat.debug.xcconfig"; sourceTree = "<group>"; };
/* End PBXFileReference section */

/* Begin PBXFrameworksBuildPhase section */
		CE1F08A626F3BB67002A5985 /* Frameworks */ = {
			isa = PBXFrameworksBuildPhase;
			buildActionMask = 2147483647;
			files = (
				0D9E97E9521022F580AD478C /* Pods_Chat.framework in Frameworks */,
			);
			runOnlyForDeploymentPostprocessing = 0;
		};
/* End PBXFrameworksBuildPhase section */

/* Begin PBXGroup section */
		CE044E3C27133B5500DE259F /* Themes */ = {
			isa = PBXGroup;
			children = (
				CEA143DD271600D400F39F61 /* ThemesViewController.swift */,
				CEAC8206274826B000F50125 /* ThemesPresenter.swift */,
			);
			path = Themes;
			sourceTree = "<group>";
		};
		CE04B4E4271F413C0027F649 /* Subviews */ = {
			isa = PBXGroup;
			children = (
				CE04B4E8271F59270027F649 /* ProfileNameTextField.swift */,
				CE9B0BC22721BEC60001DF15 /* ProfileDescriptionTextField.swift */,
				CE04B4E6271F52B80027F649 /* ProfileFilledButton.swift */,
				CE6667CD2720ACB100DD6B40 /* ProgressView.swift */,
			);
			path = Subviews;
			sourceTree = "<group>";
		};
		CE04B4E5271F41610027F649 /* Subviews */ = {
			isa = PBXGroup;
			children = (
				CEC630CE274FC52E00415528 /* PartnerMessageView */,
				CEC630D1274FC5B800415528 /* MyMessageView */,
			);
			path = Subviews;
			sourceTree = "<group>";
		};
		CE0B5F1F270CA53F004B6232 /* Cells */ = {
			isa = PBXGroup;
			children = (
				CE0B5F1D270CA538004B6232 /* ChannelCell.swift */,
			);
			path = Cells;
			sourceTree = "<group>";
		};
		CE1DE6952746DA9C00D1219B /* Common */ = {
			isa = PBXGroup;
			children = (
				CE3E913B270E20DE0029DA74 /* Models */,
				CE1DE6962746DCD900D1219B /* Helpers */,
			);
			path = Common;
			sourceTree = "<group>";
		};
		CE1DE6962746DCD900D1219B /* Helpers */ = {
			isa = PBXGroup;
			children = (
				CEFE087627456B810057CED6 /* GlobalData.swift */,
				CE1DE6932746893D00D1219B /* DubugLogger.swift */,
				CE1DE68B2746379300D1219B /* AsyncHandlerType.swift */,
			);
			path = Helpers;
			sourceTree = "<group>";
		};
		CE1F08A026F3BB67002A5985 = {
			isa = PBXGroup;
			children = (
				CE1F08AB26F3BB67002A5985 /* Chat */,
				CE1F08AA26F3BB67002A5985 /* Products */,
				E470A832EFF4E0E1748B12C7 /* Pods */,
				F051348D2CAC0FAA904EFEA4 /* Frameworks */,
			);
			sourceTree = "<group>";
		};
		CE1F08AA26F3BB67002A5985 /* Products */ = {
			isa = PBXGroup;
			children = (
				CE1F08A926F3BB67002A5985 /* Chat.app */,
			);
			name = Products;
			sourceTree = "<group>";
		};
		CE1F08AB26F3BB67002A5985 /* Chat */ = {
			isa = PBXGroup;
			children = (
				CEFE0871274555BB0057CED6 /* Core layer */,
				CE39697A274435460026D869 /* Service layer */,
				CED023E526FFAFE100062489 /* Presentation layer */,
				CE1DE6952746DA9C00D1219B /* Common */,
				CED023E426FFAFA800062489 /* Supporting files */,
				CED023E326FFAEE300062489 /* Resources */,
			);
			path = Chat;
			sourceTree = "<group>";
		};
		CE2474C72731C5B400A4AEC0 /* CoreData */ = {
			isa = PBXGroup;
			children = (
				CEFE087F27457A0B0057CED6 /* CoreDataStorageImpl.swift */,
				CE2474CC2731C79100A4AEC0 /* Chat.xcdatamodeld */,
			);
			path = CoreData;
			sourceTree = "<group>";
		};
		CE2608812718C3C200CAE9B6 /* Managers */ = {
			isa = PBXGroup;
			children = (
				CE2474CF2731CE2B00A4AEC0 /* ContentManagerImpl.swift */,
				CEFE088327457DA00057CED6 /* SettingsManagerImpl.swift */,
				CEFE0887274581630057CED6 /* SyncProfileDataManagerImpl.swift */,
				CEFE088527457F760057CED6 /* ProfileDataManagerImpl.swift */,
				CEFE088B274583730057CED6 /* FileStorageManagerImpl.swift */,
				CEFE088127457D3C0057CED6 /* FirestoreManagerImpl.swift */,
				CEFE08782745788B0057CED6 /* Protocols */,
			);
			path = Managers;
			sourceTree = "<group>";
		};
		CE29D2A1274E6DA2001C103A /* Networking */ = {
			isa = PBXGroup;
			children = (
				CE29D2A2274E6DDC001C103A /* APIRequestSenderImpl.swift */,
				CEC630BC274EB97300415528 /* APIRequestsFactory.swift */,
				CEC630C6274EC2E600415528 /* Requests */,
				CEC630C9274EC31D00415528 /* Parsers */,
				CE29D2A4274E6E09001C103A /* Helpers */,
			);
			path = Networking;
			sourceTree = "<group>";
		};
		CE29D2A4274E6E09001C103A /* Helpers */ = {
			isa = PBXGroup;
			children = (
				CEC630BE274EBD9E00415528 /* APIRequest.swift */,
				CEC630C0274EBFCA00415528 /* APIParser.swift */,
				CEC630C2274EC00000415528 /* APIRequestConfig.swift */,
				CEC630C4274EC0A100415528 /* APIRequestSender.swift */,
			);
			path = Helpers;
			sourceTree = "<group>";
		};
		CE32F21627048490007262A5 /* Assets */ = {
			isa = PBXGroup;
			children = (
				CED023E626FFB61100062489 /* Assets.xcassets */,
				CE0FDBB726FFC7C800809ABB /* Images.xcassets */,
				CE9AF684270B8D44006D44A8 /* Icons.xcassets */,
				CED84B3827025BC300D4E4EB /* Palette.xcassets */,
			);
			path = Assets;
			sourceTree = "<group>";
		};
		CE32F21727048499007262A5 /* Fonts */ = {
			isa = PBXGroup;
			children = (
				CE32F219270484DB007262A5 /* SF-Pro-Text-Regular.otf */,
				CE3E9142270E2C440029DA74 /* SF-Pro-Text-RegularItalic.otf */,
				CE0B5F20270CA84E004B6232 /* SF-Pro-Text-Semibold.otf */,
				CE3E9140270E2B950029DA74 /* SF-Pro-Text-Bold.otf */,
				CE32F218270484C4007262A5 /* SF-Pro-Display-Bold.otf */,
			);
			path = Fonts;
			sourceTree = "<group>";
		};
		CE39478B270F738D004C6FD1 /* Screens */ = {
			isa = PBXGroup;
			children = (
				CE9AF67D270B8986006D44A8 /* ChannelList */,
				CE9AF67F270B89A7006D44A8 /* Channel */,
				CE044E3C27133B5500DE259F /* Themes */,
				CE9AF67E270B8995006D44A8 /* Profile */,
				CE4B250727494527007E92F3 /* ImagePicker */,
			);
			path = Screens;
			sourceTree = "<group>";
		};
		CE39478C270F73A9004C6FD1 /* ViewControllers */ = {
			isa = PBXGroup;
			children = (
				CE26087D2718A9EF00CAE9B6 /* NavigationController.swift */,
				CEEDAEE8271C8823005B8F21 /* KeyboardNotificationsViewController.swift */,
			);
			path = ViewControllers;
			sourceTree = "<group>";
		};
		CE39697A274435460026D869 /* Service layer */ = {
			isa = PBXGroup;
			children = (
				CEFE086D2745538E0057CED6 /* ServiceLayer.swift */,
				CE39697B274435920026D869 /* Services */,
			);
			path = "Service layer";
			sourceTree = "<group>";
		};
		CE39697B274435920026D869 /* Services */ = {
			isa = PBXGroup;
			children = (
				CE0C600927458ACA002A1FF9 /* SettingsServiceImpl.swift */,
				CE0C600D27459691002A1FF9 /* ChannelsServiceImpl.swift */,
				CE0C600F2745981F002A1FF9 /* MessagesServiceImpl.swift */,
				CE1DE6892746323B00D1219B /* ProfileServiceImpl.swift */,
				CEEA427F274D4B0500420134 /* ImagesServiceImpl.swift */,
				CEFE088D27458A8C0057CED6 /* Protocols */,
			);
			path = Services;
			sourceTree = "<group>";
		};
		CE39697C2744360C0026D869 /* Helpers */ = {
			isa = PBXGroup;
			children = (
				CE9C657B270F2F8A008756AC /* ConfigurableCells.swift */,
				CEFBEA26273BAECE00EE5C43 /* FetchedResultsControllerDelegate.swift */,
				CEC630F62750039D00415528 /* CellDataFetcher.swift */,
			);
			path = Helpers;
			sourceTree = "<group>";
		};
		CE3E913B270E20DE0029DA74 /* Models */ = {
			isa = PBXGroup;
			children = (
				CE3E913C270E21070029DA74 /* Channel.swift */,
				CE3E913E270E21120029DA74 /* Message.swift */,
				CE26087F2718B01800CAE9B6 /* Theme.swift */,
				CE8B576027205E8E002E3434 /* Profile.swift */,
				CEC630CC274EC9E000415528 /* ImagesResponse.swift */,
			);
			path = Models;
			sourceTree = "<group>";
		};
		CE3E9144270EAD320029DA74 /* Cells */ = {
			isa = PBXGroup;
			children = (
				CE3E9145270EAD430029DA74 /* MessageCell.swift */,
				CE04B4E5271F41610027F649 /* Subviews */,
			);
			path = Cells;
			sourceTree = "<group>";
		};
		CE4B250727494527007E92F3 /* ImagePicker */ = {
			isa = PBXGroup;
			children = (
				CE4B250F27495917007E92F3 /* ImagePickerAssemby.swift */,
				CE4B250D2749590C007E92F3 /* ImagePickerModel.swift */,
				CE4B250B274958A5007E92F3 /* ImegePickerRouter.swift */,
				CEAC8209274937FC00F50125 /* ImagePickerViewController.swift */,
				CE4B251127496EA0007E92F3 /* ImagePickerInteractor.swift */,
				CE4B251327496EAA007E92F3 /* ImagePickerPresenter.swift */,
				CE4B251527496ECB007E92F3 /* ImagePickerDataSource.swift */,
				CE4B2508274945F1007E92F3 /* Cells */,
			);
			path = ImagePicker;
			sourceTree = "<group>";
		};
		CE4B2508274945F1007E92F3 /* Cells */ = {
			isa = PBXGroup;
			children = (
				CE4B250927494601007E92F3 /* ImageCell.swift */,
			);
			path = Cells;
			sourceTree = "<group>";
		};
		CE4E07E6270247CC00AE0113 /* Extensions */ = {
			isa = PBXGroup;
			children = (
				CE4E07E7270247DD00AE0113 /* UIView+Extension.swift */,
				CE4240A72704C1A800CA3386 /* UIViewController+Extension.swift */,
				CEA00F7F2739AA7C007F925E /* UITableView+Extension.swift */,
				CE1AE10727493D6800DFFDDD /* UICollectionView+Extension.swift */,
				CE4E07EA270249D400AE0113 /* UIStackView+Extension.swift */,
				CEEA4281274D686700420134 /* UIImageView+Extension.swift */,
				CE394791270F8581004C6FD1 /* Date+Extension.swift */,
				CE6667C92720871200DD6B40 /* Data+Extension.swift */,
			);
			path = Extensions;
			sourceTree = "<group>";
		};
		CE9AF67D270B8986006D44A8 /* ChannelList */ = {
			isa = PBXGroup;
			children = (
				CEE9FF0C272C749B00628F34 /* ChannelListAssembly.swift */,
				CEE9FF0E272C74AF00628F34 /* ChannelListModel.swift */,
				CEE9FF11272C75A600628F34 /* ChannelListRouter.swift */,
				CE1F08B026F3BB67002A5985 /* ChannelListViewController.swift */,
				CEE9FF08272C747C00628F34 /* ChannelListInteractor.swift */,
				CEE9FF0A272C748500628F34 /* ChannelListPresenter.swift */,
				CEB97ACC272FD81700C405CA /* ChannelListViewController+Extension.swift */,
				CE93B36027385BB400AD66F7 /* ChannelListDataSource.swift */,
				CE0B5F1F270CA53F004B6232 /* Cells */,
			);
			path = ChannelList;
			sourceTree = "<group>";
		};
		CE9AF67E270B8995006D44A8 /* Profile */ = {
			isa = PBXGroup;
			children = (
				CEB97AC1272D94B800C405CA /* ProfileAssembly.swift */,
				CEB97AC3272D94CC00C405CA /* ProfileModel.swift */,
				CEB97AC5272D94E600C405CA /* ProfileRouter.swift */,
				CE0FDBB926FFCABA00809ABB /* ProfileViewController.swift */,
				CEB97ACE272FD9CD00C405CA /* ProfileViewController+Extension.swift */,
				CEB97AC7272D94F000C405CA /* ProfileInteractor.swift */,
				CEB97AC9272D94F900C405CA /* ProfilePresenter.swift */,
				CE04B4E4271F413C0027F649 /* Subviews */,
			);
			path = Profile;
			sourceTree = "<group>";
		};
		CE9AF67F270B89A7006D44A8 /* Channel */ = {
			isa = PBXGroup;
			children = (
				CEB97AB7272D3C8800C405CA /* ChannelAssembly.swift */,
				CEB97AB9272D3C9A00C405CA /* ChannelModel.swift */,
				CEC630D4274FCE1F00415528 /* ChannelRouter.swift */,
				CE9AF680270B89C1006D44A8 /* ChannelViewController.swift */,
				CEB97ABD272D3CC200C405CA /* ChannelInteractor.swift */,
				CEB97ABF272D3CCB00C405CA /* ChannelPresenter.swift */,
				CEA00F7D2739AA10007F925E /* ChannelDataSource.swift */,
				CEB97AD027307CAB00C405CA /* Subviews */,
				CE3E9144270EAD320029DA74 /* Cells */,
			);
			path = Channel;
			sourceTree = "<group>";
		};
		CEB97AD027307CAB00C405CA /* Subviews */ = {
			isa = PBXGroup;
			children = (
				CE7A11362728832600B92C0B /* NewMessageTextField.swift */,
			);
			path = Subviews;
			sourceTree = "<group>";
		};
		CEC630C6274EC2E600415528 /* Requests */ = {
			isa = PBXGroup;
			children = (
				CEC630C7274EC2FA00415528 /* ImagesAPIRequest.swift */,
			);
			path = Requests;
			sourceTree = "<group>";
		};
		CEC630C9274EC31D00415528 /* Parsers */ = {
			isa = PBXGroup;
			children = (
				CEC630CA274EC3E400415528 /* ImagesResponseParser.swift */,
			);
			path = Parsers;
			sourceTree = "<group>";
		};
		CEC630CE274FC52E00415528 /* PartnerMessageView */ = {
			isa = PBXGroup;
			children = (
				CEC630CF274FC53A00415528 /* PartnerMessageViewModel.swift */,
				CE39478F270F7C1C004C6FD1 /* PartnerMessageView.swift */,
			);
			path = PartnerMessageView;
			sourceTree = "<group>";
		};
		CEC630D1274FC5B800415528 /* MyMessageView */ = {
			isa = PBXGroup;
			children = (
				CEC630D2274FC90700415528 /* MyMessageViewModel.swift */,
				CE39478D270F73CE004C6FD1 /* MyMessageView.swift */,
			);
			path = MyMessageView;
			sourceTree = "<group>";
		};
		CED023E326FFAEE300062489 /* Resources */ = {
			isa = PBXGroup;
			children = (
				CE32F21627048490007262A5 /* Assets */,
				CE32F21727048499007262A5 /* Fonts */,
			);
			path = Resources;
			sourceTree = "<group>";
		};
		CED023E426FFAFA800062489 /* Supporting files */ = {
			isa = PBXGroup;
			children = (
				CE1F08AC26F3BB67002A5985 /* AppDelegate.swift */,
				CE1F08B726F3BB68002A5985 /* LaunchScreen.storyboard */,
				CE1F08BA26F3BB68002A5985 /* Info.plist */,
				CEDBA13C27272CF700B5C98E /* GoogleService-Info.plist */,
			);
			path = "Supporting files";
			sourceTree = "<group>";
		};
		CED023E526FFAFE100062489 /* Presentation layer */ = {
			isa = PBXGroup;
			children = (
				CE39478B270F738D004C6FD1 /* Screens */,
				CEEDAEE7271C8815005B8F21 /* Common */,
			);
			path = "Presentation layer";
			sourceTree = "<group>";
		};
		CED84B3A27025CFE00D4E4EB /* Style */ = {
			isa = PBXGroup;
			children = (
				CED84B3D27025F4200D4E4EB /* Images.swift */,
				CE9AF682270B8D39006D44A8 /* Icons.swift */,
				CED84B3B27025D1700D4E4EB /* Palette.swift */,
				CE32F21C27048600007262A5 /* Fonts.swift */,
			);
			path = Style;
			sourceTree = "<group>";
		};
		CEEA427C274D203000420134 /* Views */ = {
			isa = PBXGroup;
			children = (
				CEEA427D274D206500420134 /* TopBarView.swift */,
			);
			path = Views;
			sourceTree = "<group>";
		};
		CEEDAEE7271C8815005B8F21 /* Common */ = {
			isa = PBXGroup;
			children = (
				CE39478C270F73A9004C6FD1 /* ViewControllers */,
				CEEA427C274D203000420134 /* Views */,
				CED84B3A27025CFE00D4E4EB /* Style */,
				CE39697C2744360C0026D869 /* Helpers */,
				CE4E07E6270247CC00AE0113 /* Extensions */,
			);
			path = Common;
			sourceTree = "<group>";
		};
		CEFE0871274555BB0057CED6 /* Core layer */ = {
			isa = PBXGroup;
			children = (
				CE29D2A1274E6DA2001C103A /* Networking */,
				CE2608812718C3C200CAE9B6 /* Managers */,
				CEFE0872274556C50057CED6 /* Storages */,
				CEFE08732745594B0057CED6 /* Helpers */,
				CEFE087B2745799A0057CED6 /* Extensions */,
			);
			path = "Core layer";
			sourceTree = "<group>";
		};
		CEFE0872274556C50057CED6 /* Storages */ = {
			isa = PBXGroup;
			children = (
				CEFE087D274579DF0057CED6 /* KeychainStorageImpl.swift */,
				CE2474C72731C5B400A4AEC0 /* CoreData */,
				CEFE087C274579C20057CED6 /* Protocols */,
			);
			path = Storages;
			sourceTree = "<group>";
		};
		CEFE08732745594B0057CED6 /* Helpers */ = {
			isa = PBXGroup;
			children = (
				CE03EE6F273AF76400D9F898 /* CoreTypealiases.swift */,
				CEFE0874274559600057CED6 /* CoreConstants.swift */,
				CEE77AB32736F1A9004F69A4 /* FirestoreObject.swift */,
				CEFE08892745826F0057CED6 /* FileStorageDataType.swift */,
				CE6667CB272099F100DD6B40 /* AsyncHandler.swift */,
				CE1DE68D2746418A00D1219B /* AsyncHandlerQoS.swift */,
				CEC630BA274EB06300415528 /* APIConstants.swift */,
			);
			path = Helpers;
			sourceTree = "<group>";
		};
		CEFE08782745788B0057CED6 /* Protocols */ = {
			isa = PBXGroup;
			children = (
				CEFE0879274578A30057CED6 /* ContentManager.swift */,
				CE2608822718C3DF00CAE9B6 /* SettingsManager.swift */,
				CE8B576227205F2E002E3434 /* SyncProfileDataManager.swift */,
				CEE6513D2721F013009DD993 /* ProfileDataManager.swift */,
				CE8C4078271BEEE000D0C0B5 /* FileStorageManager.swift */,
				CEDC7F2227345BD400D9BE4F /* FirestoreManager.swift */,
			);
			path = Protocols;
			sourceTree = "<group>";
		};
		CEFE087B2745799A0057CED6 /* Extensions */ = {
			isa = PBXGroup;
			children = (
				CE2474CA2731C5E000A4AEC0 /* NSManagedObjectContext+Extension.swift */,
			);
			path = Extensions;
			sourceTree = "<group>";
		};
		CEFE087C274579C20057CED6 /* Protocols */ = {
			isa = PBXGroup;
			children = (
				CE2474C82731C5C900A4AEC0 /* CoreDataStorage.swift */,
				CE54E6302729D19700B20B69 /* KeychainStorage.swift */,
			);
			path = Protocols;
			sourceTree = "<group>";
		};
		CEFE088D27458A8C0057CED6 /* Protocols */ = {
			isa = PBXGroup;
			children = (
				CEFE086F2745544F0057CED6 /* SettingsService.swift */,
				CE0C600B27458F76002A1FF9 /* ChannelsService.swift */,
				CE0C60112745A0C0002A1FF9 /* MessagesService.swift */,
				CE1DE68F27464C1200D1219B /* ProfileService.swift */,
				CE29D29F274E6D52001C103A /* ImagesService.swift */,
			);
			path = Protocols;
			sourceTree = "<group>";
		};
		E470A832EFF4E0E1748B12C7 /* Pods */ = {
			isa = PBXGroup;
			children = (
				F32C6D752BDF633B478DA905 /* Pods-Chat.debug.xcconfig */,
				91BA8C10F59B945498394334 /* Pods-Chat.release.xcconfig */,
			);
			path = Pods;
			sourceTree = "<group>";
		};
		F051348D2CAC0FAA904EFEA4 /* Frameworks */ = {
			isa = PBXGroup;
			children = (
				DCA9DF100E365DD629B40773 /* Pods_Chat.framework */,
			);
			name = Frameworks;
			sourceTree = "<group>";
		};
/* End PBXGroup section */

/* Begin PBXNativeTarget section */
		CE1F08A826F3BB67002A5985 /* Chat */ = {
			isa = PBXNativeTarget;
			buildConfigurationList = CE1F08BD26F3BB68002A5985 /* Build configuration list for PBXNativeTarget "Chat" */;
			buildPhases = (
				4C0F30AD328DB65F915BD3AC /* [CP] Check Pods Manifest.lock */,
				CE1F08A526F3BB67002A5985 /* Sources */,
				CE1F08A626F3BB67002A5985 /* Frameworks */,
				CE1F08A726F3BB67002A5985 /* Resources */,
				CB106A6F488B8C7067D7C235 /* [CP] Embed Pods Frameworks */,
				CEDBA13E2727367B00B5C98E /* SwiftLint */,
			);
			buildRules = (
			);
			dependencies = (
			);
			name = Chat;
			productName = Chat;
			productReference = CE1F08A926F3BB67002A5985 /* Chat.app */;
			productType = "com.apple.product-type.application";
		};
/* End PBXNativeTarget section */

/* Begin PBXProject section */
		CE1F08A126F3BB67002A5985 /* Project object */ = {
			isa = PBXProject;
			attributes = {
				LastSwiftUpdateCheck = 1250;
				LastUpgradeCheck = 1250;
				TargetAttributes = {
					CE1F08A826F3BB67002A5985 = {
						CreatedOnToolsVersion = 12.5.1;
						LastSwiftMigration = 1250;
					};
				};
			};
			buildConfigurationList = CE1F08A426F3BB67002A5985 /* Build configuration list for PBXProject "Chat" */;
			compatibilityVersion = "Xcode 9.3";
			developmentRegion = en;
			hasScannedForEncodings = 0;
			knownRegions = (
				en,
				Base,
			);
			mainGroup = CE1F08A026F3BB67002A5985;
			productRefGroup = CE1F08AA26F3BB67002A5985 /* Products */;
			projectDirPath = "";
			projectRoot = "";
			targets = (
				CE1F08A826F3BB67002A5985 /* Chat */,
			);
		};
/* End PBXProject section */

/* Begin PBXResourcesBuildPhase section */
		CE1F08A726F3BB67002A5985 /* Resources */ = {
			isa = PBXResourcesBuildPhase;
			buildActionMask = 2147483647;
			files = (
				CE0FDBB826FFC7C800809ABB /* Images.xcassets in Resources */,
				CED84B3927025BC300D4E4EB /* Palette.xcassets in Resources */,
				CE3E9143270E2C440029DA74 /* SF-Pro-Text-RegularItalic.otf in Resources */,
				CE9AF685270B8D44006D44A8 /* Icons.xcassets in Resources */,
				CEDBA13D27272CF700B5C98E /* GoogleService-Info.plist in Resources */,
				CE32F21A270484EE007262A5 /* SF-Pro-Display-Bold.otf in Resources */,
				CE0B5F21270CA84E004B6232 /* SF-Pro-Text-Semibold.otf in Resources */,
				CED023E726FFB61100062489 /* Assets.xcassets in Resources */,
				CE1F08B926F3BB68002A5985 /* LaunchScreen.storyboard in Resources */,
				CE32F21B270484F1007262A5 /* SF-Pro-Text-Regular.otf in Resources */,
				CE3E9141270E2B950029DA74 /* SF-Pro-Text-Bold.otf in Resources */,
			);
			runOnlyForDeploymentPostprocessing = 0;
		};
/* End PBXResourcesBuildPhase section */

/* Begin PBXShellScriptBuildPhase section */
		4C0F30AD328DB65F915BD3AC /* [CP] Check Pods Manifest.lock */ = {
			isa = PBXShellScriptBuildPhase;
			buildActionMask = 2147483647;
			files = (
			);
			inputFileListPaths = (
			);
			inputPaths = (
				"${PODS_PODFILE_DIR_PATH}/Podfile.lock",
				"${PODS_ROOT}/Manifest.lock",
			);
			name = "[CP] Check Pods Manifest.lock";
			outputFileListPaths = (
			);
			outputPaths = (
				"$(DERIVED_FILE_DIR)/Pods-Chat-checkManifestLockResult.txt",
			);
			runOnlyForDeploymentPostprocessing = 0;
			shellPath = /bin/sh;
			shellScript = "diff \"${PODS_PODFILE_DIR_PATH}/Podfile.lock\" \"${PODS_ROOT}/Manifest.lock\" > /dev/null\nif [ $? != 0 ] ; then\n    # print error to STDERR\n    echo \"error: The sandbox is not in sync with the Podfile.lock. Run 'pod install' or update your CocoaPods installation.\" >&2\n    exit 1\nfi\n# This output is used by Xcode 'outputs' to avoid re-running this script phase.\necho \"SUCCESS\" > \"${SCRIPT_OUTPUT_FILE_0}\"\n";
			showEnvVarsInLog = 0;
		};
		CB106A6F488B8C7067D7C235 /* [CP] Embed Pods Frameworks */ = {
			isa = PBXShellScriptBuildPhase;
			buildActionMask = 2147483647;
			files = (
			);
			inputFileListPaths = (
				"${PODS_ROOT}/Target Support Files/Pods-Chat/Pods-Chat-frameworks-${CONFIGURATION}-input-files.xcfilelist",
			);
			name = "[CP] Embed Pods Frameworks";
			outputFileListPaths = (
				"${PODS_ROOT}/Target Support Files/Pods-Chat/Pods-Chat-frameworks-${CONFIGURATION}-output-files.xcfilelist",
			);
			runOnlyForDeploymentPostprocessing = 0;
			shellPath = /bin/sh;
			shellScript = "\"${PODS_ROOT}/Target Support Files/Pods-Chat/Pods-Chat-frameworks.sh\"\n";
			showEnvVarsInLog = 0;
		};
		CEDBA13E2727367B00B5C98E /* SwiftLint */ = {
			isa = PBXShellScriptBuildPhase;
			buildActionMask = 2147483647;
			files = (
			);
			inputFileListPaths = (
			);
			inputPaths = (
			);
			name = SwiftLint;
			outputFileListPaths = (
			);
			outputPaths = (
			);
			runOnlyForDeploymentPostprocessing = 0;
			shellPath = /bin/sh;
			shellScript = "\"${PODS_ROOT}/SwiftLint/swiftlint\"\n";
		};
/* End PBXShellScriptBuildPhase section */

/* Begin PBXSourcesBuildPhase section */
		CE1F08A526F3BB67002A5985 /* Sources */ = {
			isa = PBXSourcesBuildPhase;
			buildActionMask = 2147483647;
			files = (
				CEC630C8274EC2FA00415528 /* ImagesAPIRequest.swift in Sources */,
				CEEDAEE9271C8823005B8F21 /* KeyboardNotificationsViewController.swift in Sources */,
				CEC630C5274EC0A100415528 /* APIRequestSender.swift in Sources */,
				CE8B576127205E8E002E3434 /* Profile.swift in Sources */,
				CE9B0BC32721BEC60001DF15 /* ProfileDescriptionTextField.swift in Sources */,
				CE4240A82704C1A800CA3386 /* UIViewController+Extension.swift in Sources */,
				CE03EE70273AF76400D9F898 /* CoreTypealiases.swift in Sources */,
				CE1DE68A2746323B00D1219B /* ProfileServiceImpl.swift in Sources */,
				CEC630CD274EC9E000415528 /* ImagesResponse.swift in Sources */,
				CEB97ACD272FD81700C405CA /* ChannelListViewController+Extension.swift in Sources */,
				CE394790270F7C1C004C6FD1 /* PartnerMessageView.swift in Sources */,
				CE2474CB2731C5E000A4AEC0 /* NSManagedObjectContext+Extension.swift in Sources */,
				CE0C600A27458ACA002A1FF9 /* SettingsServiceImpl.swift in Sources */,
				CEC630BB274EB06300415528 /* APIConstants.swift in Sources */,
				CE1AE10827493D6800DFFDDD /* UICollectionView+Extension.swift in Sources */,
				CEE9FF0F272C74AF00628F34 /* ChannelListModel.swift in Sources */,
				CEFE087A274578A30057CED6 /* ContentManager.swift in Sources */,
				CEFE088027457A0B0057CED6 /* CoreDataStorageImpl.swift in Sources */,
				CE2608802718B01800CAE9B6 /* Theme.swift in Sources */,
				CE39478E270F73CE004C6FD1 /* MyMessageView.swift in Sources */,
				CEC630D0274FC53A00415528 /* PartnerMessageViewModel.swift in Sources */,
				CEC630CB274EC3E400415528 /* ImagesResponseParser.swift in Sources */,
				CEA00F7E2739AA10007F925E /* ChannelDataSource.swift in Sources */,
				CE0C60102745981F002A1FF9 /* MessagesServiceImpl.swift in Sources */,
				CE7A11372728832600B92C0B /* NewMessageTextField.swift in Sources */,
				CEE6513E2721F013009DD993 /* ProfileDataManager.swift in Sources */,
				CE29D2A3274E6DDC001C103A /* APIRequestSenderImpl.swift in Sources */,
				CE1DE68E2746418A00D1219B /* AsyncHandlerQoS.swift in Sources */,
				CE0FDBBA26FFCABA00809ABB /* ProfileViewController.swift in Sources */,
				CE9C657C270F2F8A008756AC /* ConfigurableCells.swift in Sources */,
				CEC630BD274EB97300415528 /* APIRequestsFactory.swift in Sources */,
				CE9AF681270B89C1006D44A8 /* ChannelViewController.swift in Sources */,
				CEFE087727456B810057CED6 /* GlobalData.swift in Sources */,
				CE1DE69027464C1200D1219B /* ProfileService.swift in Sources */,
				CE04B4E9271F59270027F649 /* ProfileNameTextField.swift in Sources */,
				CEFE0875274559600057CED6 /* CoreConstants.swift in Sources */,
				CE0C60122745A0C0002A1FF9 /* MessagesService.swift in Sources */,
				CE4B250A27494601007E92F3 /* ImageCell.swift in Sources */,
				CEFE0888274581630057CED6 /* SyncProfileDataManagerImpl.swift in Sources */,
				CE4B250E2749590C007E92F3 /* ImagePickerModel.swift in Sources */,
				CE2474C92731C5C900A4AEC0 /* CoreDataStorage.swift in Sources */,
				CEB97AC4272D94CC00C405CA /* ProfileModel.swift in Sources */,
				CEB97AC2272D94B800C405CA /* ProfileAssembly.swift in Sources */,
				CEA143DE271600D400F39F61 /* ThemesViewController.swift in Sources */,
				CE1F08B126F3BB67002A5985 /* ChannelListViewController.swift in Sources */,
				CEB97AC0272D3CCB00C405CA /* ChannelPresenter.swift in Sources */,
				CEB97AC6272D94E600C405CA /* ProfileRouter.swift in Sources */,
				CE0C600C27458F76002A1FF9 /* ChannelsService.swift in Sources */,
				CEC630BF274EBD9E00415528 /* APIRequest.swift in Sources */,
				CEEA427E274D206500420134 /* TopBarView.swift in Sources */,
				CE4E07E8270247DD00AE0113 /* UIView+Extension.swift in Sources */,
				CEB97AC8272D94F000C405CA /* ProfileInteractor.swift in Sources */,
				CEC630C3274EC00000415528 /* APIRequestConfig.swift in Sources */,
				CEC630C1274EBFCA00415528 /* APIParser.swift in Sources */,
				CE1DE68C2746379300D1219B /* AsyncHandlerType.swift in Sources */,
				CEE9FF0D272C749B00628F34 /* ChannelListAssembly.swift in Sources */,
				CEFE088227457D3C0057CED6 /* FirestoreManagerImpl.swift in Sources */,
				CEB97AB8272D3C8800C405CA /* ChannelAssembly.swift in Sources */,
				CE1DE6942746893D00D1219B /* DubugLogger.swift in Sources */,
				CEFE088427457DA00057CED6 /* SettingsManagerImpl.swift in Sources */,
				CEE9FF0B272C748500628F34 /* ChannelListPresenter.swift in Sources */,
				CEAC8207274826B000F50125 /* ThemesPresenter.swift in Sources */,
				CE9AF683270B8D39006D44A8 /* Icons.swift in Sources */,
				CE26087E2718A9EF00CAE9B6 /* NavigationController.swift in Sources */,
				CE4B250C274958A5007E92F3 /* ImegePickerRouter.swift in Sources */,
				CEE9FF09272C747C00628F34 /* ChannelListInteractor.swift in Sources */,
				CE2474D02731CE2B00A4AEC0 /* ContentManagerImpl.swift in Sources */,
				CE4B251427496EAA007E92F3 /* ImagePickerPresenter.swift in Sources */,
				CE1F08AD26F3BB67002A5985 /* AppDelegate.swift in Sources */,
				CE6667CA2720871200DD6B40 /* Data+Extension.swift in Sources */,
				CE32F21D27048600007262A5 /* Fonts.swift in Sources */,
				CEA00F802739AA7C007F925E /* UITableView+Extension.swift in Sources */,
				CE54E6312729D19700B20B69 /* KeychainStorage.swift in Sources */,
				CEE77AB42736F1A9004F69A4 /* FirestoreObject.swift in Sources */,
				CE0B5F1E270CA538004B6232 /* ChannelCell.swift in Sources */,
				CED84B3E27025F4200D4E4EB /* Images.swift in Sources */,
				CE6667CE2720ACB100DD6B40 /* ProgressView.swift in Sources */,
				CEE9FF12272C75A600628F34 /* ChannelListRouter.swift in Sources */,
				CE4B251627496ECB007E92F3 /* ImagePickerDataSource.swift in Sources */,
				CEC630D5274FCE1F00415528 /* ChannelRouter.swift in Sources */,
				CE4E07EB270249D400AE0113 /* UIStackView+Extension.swift in Sources */,
				CE2474CE2731C79100A4AEC0 /* Chat.xcdatamodeld in Sources */,
				CE0C600E27459691002A1FF9 /* ChannelsServiceImpl.swift in Sources */,
				CEB97ACF272FD9CD00C405CA /* ProfileViewController+Extension.swift in Sources */,
				CE394792270F8581004C6FD1 /* Date+Extension.swift in Sources */,
				CE8C4079271BEEE000D0C0B5 /* FileStorageManager.swift in Sources */,
				CEB97ABE272D3CC200C405CA /* ChannelInteractor.swift in Sources */,
				CEDC7F2327345BD400D9BE4F /* FirestoreManager.swift in Sources */,
				CEB97ABA272D3C9A00C405CA /* ChannelModel.swift in Sources */,
				CE4B251027495917007E92F3 /* ImagePickerAssemby.swift in Sources */,
				CEFE088627457F760057CED6 /* ProfileDataManagerImpl.swift in Sources */,
				CEC630D3274FC90700415528 /* MyMessageViewModel.swift in Sources */,
				CEEA4280274D4B0500420134 /* ImagesServiceImpl.swift in Sources */,
				CE8B576327205F2E002E3434 /* SyncProfileDataManager.swift in Sources */,
				CE29D2A0274E6D52001C103A /* ImagesService.swift in Sources */,
				CE04B4E7271F52B80027F649 /* ProfileFilledButton.swift in Sources */,
				CE4B251227496EA0007E92F3 /* ImagePickerInteractor.swift in Sources */,
				CEB97ACA272D94F900C405CA /* ProfilePresenter.swift in Sources */,
				CEEA4282274D686700420134 /* UIImageView+Extension.swift in Sources */,
				CE6667CC272099F100DD6B40 /* AsyncHandler.swift in Sources */,
				CE93B36127385BB400AD66F7 /* ChannelListDataSource.swift in Sources */,
				CEAC820A274937FC00F50125 /* ImagePickerViewController.swift in Sources */,
				CE3E9146270EAD430029DA74 /* MessageCell.swift in Sources */,
				CEC630F72750039D00415528 /* CellDataFetcher.swift in Sources */,
				CEFE088A2745826F0057CED6 /* FileStorageDataType.swift in Sources */,
				CEFE087E274579DF0057CED6 /* KeychainStorageImpl.swift in Sources */,
				CE2608832718C3DF00CAE9B6 /* SettingsManager.swift in Sources */,
				CEFE088C274583730057CED6 /* FileStorageManagerImpl.swift in Sources */,
				CEFE086E2745538E0057CED6 /* ServiceLayer.swift in Sources */,
				CEFE08702745544F0057CED6 /* SettingsService.swift in Sources */,
				CED84B3C27025D1700D4E4EB /* Palette.swift in Sources */,
				CE3E913D270E21070029DA74 /* Channel.swift in Sources */,
				CEFBEA27273BAECE00EE5C43 /* FetchedResultsControllerDelegate.swift in Sources */,
				CE3E913F270E21120029DA74 /* Message.swift in Sources */,
			);
			runOnlyForDeploymentPostprocessing = 0;
		};
/* End PBXSourcesBuildPhase section */

/* Begin PBXVariantGroup section */
		CE1F08B726F3BB68002A5985 /* LaunchScreen.storyboard */ = {
			isa = PBXVariantGroup;
			children = (
				CE1F08B826F3BB68002A5985 /* Base */,
			);
			name = LaunchScreen.storyboard;
			sourceTree = "<group>";
		};
/* End PBXVariantGroup section */

/* Begin XCBuildConfiguration section */
		CE1F08BB26F3BB68002A5985 /* Debug */ = {
			isa = XCBuildConfiguration;
			buildSettings = {
				ALWAYS_SEARCH_USER_PATHS = NO;
				CLANG_ANALYZER_NONNULL = YES;
				CLANG_ANALYZER_NUMBER_OBJECT_CONVERSION = YES_AGGRESSIVE;
				CLANG_CXX_LANGUAGE_STANDARD = "gnu++14";
				CLANG_CXX_LIBRARY = "libc++";
				CLANG_ENABLE_MODULES = YES;
				CLANG_ENABLE_OBJC_ARC = NO;
				CLANG_ENABLE_OBJC_WEAK = YES;
				CLANG_WARN_BLOCK_CAPTURE_AUTORELEASING = YES;
				CLANG_WARN_BOOL_CONVERSION = YES;
				CLANG_WARN_COMMA = YES;
				CLANG_WARN_CONSTANT_CONVERSION = YES;
				CLANG_WARN_DEPRECATED_OBJC_IMPLEMENTATIONS = YES;
				CLANG_WARN_DIRECT_OBJC_ISA_USAGE = YES_ERROR;
				CLANG_WARN_DOCUMENTATION_COMMENTS = YES;
				CLANG_WARN_EMPTY_BODY = YES;
				CLANG_WARN_ENUM_CONVERSION = YES;
				CLANG_WARN_INFINITE_RECURSION = YES;
				CLANG_WARN_INT_CONVERSION = YES;
				CLANG_WARN_NON_LITERAL_NULL_CONVERSION = YES;
				CLANG_WARN_OBJC_IMPLICIT_RETAIN_SELF = YES;
				CLANG_WARN_OBJC_LITERAL_CONVERSION = YES;
				CLANG_WARN_OBJC_ROOT_CLASS = YES_ERROR;
				CLANG_WARN_QUOTED_INCLUDE_IN_FRAMEWORK_HEADER = YES;
				CLANG_WARN_RANGE_LOOP_ANALYSIS = YES;
				CLANG_WARN_STRICT_PROTOTYPES = YES;
				CLANG_WARN_SUSPICIOUS_MOVE = YES;
				CLANG_WARN_UNGUARDED_AVAILABILITY = YES_AGGRESSIVE;
				CLANG_WARN_UNREACHABLE_CODE = YES;
				CLANG_WARN__DUPLICATE_METHOD_MATCH = YES;
				COPY_PHASE_STRIP = NO;
				DEBUG_INFORMATION_FORMAT = dwarf;
				ENABLE_STRICT_OBJC_MSGSEND = YES;
				ENABLE_TESTABILITY = YES;
				GCC_C_LANGUAGE_STANDARD = gnu11;
				GCC_DYNAMIC_NO_PIC = NO;
				GCC_NO_COMMON_BLOCKS = YES;
				GCC_OPTIMIZATION_LEVEL = 0;
				GCC_PREPROCESSOR_DEFINITIONS = (
					"DEBUG=1",
					"$(inherited)",
				);
				GCC_WARN_64_TO_32_BIT_CONVERSION = YES;
				GCC_WARN_ABOUT_RETURN_TYPE = YES_ERROR;
				GCC_WARN_UNDECLARED_SELECTOR = YES;
				GCC_WARN_UNINITIALIZED_AUTOS = YES_AGGRESSIVE;
				GCC_WARN_UNUSED_FUNCTION = YES;
				GCC_WARN_UNUSED_VARIABLE = YES;
				IPHONEOS_DEPLOYMENT_TARGET = 12.0;
				MTL_ENABLE_DEBUG_INFO = INCLUDE_SOURCE;
				MTL_FAST_MATH = YES;
				ONLY_ACTIVE_ARCH = YES;
				SDKROOT = iphoneos;
				SWIFT_ACTIVE_COMPILATION_CONDITIONS = DEBUG;
				SWIFT_OPTIMIZATION_LEVEL = "-Onone";
			};
			name = Debug;
		};
		CE1F08BC26F3BB68002A5985 /* Release */ = {
			isa = XCBuildConfiguration;
			buildSettings = {
				ALWAYS_SEARCH_USER_PATHS = NO;
				CLANG_ANALYZER_NONNULL = YES;
				CLANG_ANALYZER_NUMBER_OBJECT_CONVERSION = YES_AGGRESSIVE;
				CLANG_CXX_LANGUAGE_STANDARD = "gnu++14";
				CLANG_CXX_LIBRARY = "libc++";
				CLANG_ENABLE_MODULES = YES;
				CLANG_ENABLE_OBJC_ARC = NO;
				CLANG_ENABLE_OBJC_WEAK = YES;
				CLANG_WARN_BLOCK_CAPTURE_AUTORELEASING = YES;
				CLANG_WARN_BOOL_CONVERSION = YES;
				CLANG_WARN_COMMA = YES;
				CLANG_WARN_CONSTANT_CONVERSION = YES;
				CLANG_WARN_DEPRECATED_OBJC_IMPLEMENTATIONS = YES;
				CLANG_WARN_DIRECT_OBJC_ISA_USAGE = YES_ERROR;
				CLANG_WARN_DOCUMENTATION_COMMENTS = YES;
				CLANG_WARN_EMPTY_BODY = YES;
				CLANG_WARN_ENUM_CONVERSION = YES;
				CLANG_WARN_INFINITE_RECURSION = YES;
				CLANG_WARN_INT_CONVERSION = YES;
				CLANG_WARN_NON_LITERAL_NULL_CONVERSION = YES;
				CLANG_WARN_OBJC_IMPLICIT_RETAIN_SELF = YES;
				CLANG_WARN_OBJC_LITERAL_CONVERSION = YES;
				CLANG_WARN_OBJC_ROOT_CLASS = YES_ERROR;
				CLANG_WARN_QUOTED_INCLUDE_IN_FRAMEWORK_HEADER = YES;
				CLANG_WARN_RANGE_LOOP_ANALYSIS = YES;
				CLANG_WARN_STRICT_PROTOTYPES = YES;
				CLANG_WARN_SUSPICIOUS_MOVE = YES;
				CLANG_WARN_UNGUARDED_AVAILABILITY = YES_AGGRESSIVE;
				CLANG_WARN_UNREACHABLE_CODE = YES;
				CLANG_WARN__DUPLICATE_METHOD_MATCH = YES;
				COPY_PHASE_STRIP = NO;
				DEBUG_INFORMATION_FORMAT = "dwarf-with-dsym";
				ENABLE_NS_ASSERTIONS = NO;
				ENABLE_STRICT_OBJC_MSGSEND = YES;
				GCC_C_LANGUAGE_STANDARD = gnu11;
				GCC_NO_COMMON_BLOCKS = YES;
				GCC_WARN_64_TO_32_BIT_CONVERSION = YES;
				GCC_WARN_ABOUT_RETURN_TYPE = YES_ERROR;
				GCC_WARN_UNDECLARED_SELECTOR = YES;
				GCC_WARN_UNINITIALIZED_AUTOS = YES_AGGRESSIVE;
				GCC_WARN_UNUSED_FUNCTION = YES;
				GCC_WARN_UNUSED_VARIABLE = YES;
				IPHONEOS_DEPLOYMENT_TARGET = 12.0;
				MTL_ENABLE_DEBUG_INFO = NO;
				MTL_FAST_MATH = YES;
				SDKROOT = iphoneos;
				SWIFT_COMPILATION_MODE = wholemodule;
				SWIFT_OPTIMIZATION_LEVEL = "-O";
				VALIDATE_PRODUCT = YES;
			};
			name = Release;
		};
		CE1F08BE26F3BB68002A5985 /* Debug */ = {
			isa = XCBuildConfiguration;
			baseConfigurationReference = F32C6D752BDF633B478DA905 /* Pods-Chat.debug.xcconfig */;
			buildSettings = {
				ASSETCATALOG_COMPILER_APPICON_NAME = AppIcon;
				ASSETCATALOG_COMPILER_GLOBAL_ACCENT_COLOR_NAME = AccentColor;
				CLANG_ENABLE_MODULES = YES;
				CODE_SIGN_STYLE = Automatic;
				DEVELOPMENT_TEAM = 4SMTJMFX82;
				INFOPLIST_FILE = "Chat/Supporting files/Info.plist";
				LD_RUNPATH_SEARCH_PATHS = (
					"$(inherited)",
					"@executable_path/Frameworks",
				);
				PRODUCT_BUNDLE_IDENTIFIER = ru.tinkoff.TinkoffChat;
				PRODUCT_NAME = "$(TARGET_NAME)";
				SWIFT_OBJC_BRIDGING_HEADER = "";
				SWIFT_OPTIMIZATION_LEVEL = "-Onone";
				SWIFT_VERSION = 5.0;
				TARGETED_DEVICE_FAMILY = 1;
			};
			name = Debug;
		};
		CE1F08BF26F3BB68002A5985 /* Release */ = {
			isa = XCBuildConfiguration;
			baseConfigurationReference = 91BA8C10F59B945498394334 /* Pods-Chat.release.xcconfig */;
			buildSettings = {
				ASSETCATALOG_COMPILER_APPICON_NAME = AppIcon;
				ASSETCATALOG_COMPILER_GLOBAL_ACCENT_COLOR_NAME = AccentColor;
				CLANG_ENABLE_MODULES = YES;
				CODE_SIGN_STYLE = Automatic;
				DEVELOPMENT_TEAM = 4SMTJMFX82;
				INFOPLIST_FILE = "Chat/Supporting files/Info.plist";
				LD_RUNPATH_SEARCH_PATHS = (
					"$(inherited)",
					"@executable_path/Frameworks",
				);
				PRODUCT_BUNDLE_IDENTIFIER = ru.tinkoff.TinkoffChat;
				PRODUCT_NAME = "$(TARGET_NAME)";
				SWIFT_OBJC_BRIDGING_HEADER = "";
				SWIFT_VERSION = 5.0;
				TARGETED_DEVICE_FAMILY = 1;
			};
			name = Release;
		};
/* End XCBuildConfiguration section */

/* Begin XCConfigurationList section */
		CE1F08A426F3BB67002A5985 /* Build configuration list for PBXProject "Chat" */ = {
			isa = XCConfigurationList;
			buildConfigurations = (
				CE1F08BB26F3BB68002A5985 /* Debug */,
				CE1F08BC26F3BB68002A5985 /* Release */,
			);
			defaultConfigurationIsVisible = 0;
			defaultConfigurationName = Release;
		};
		CE1F08BD26F3BB68002A5985 /* Build configuration list for PBXNativeTarget "Chat" */ = {
			isa = XCConfigurationList;
			buildConfigurations = (
				CE1F08BE26F3BB68002A5985 /* Debug */,
				CE1F08BF26F3BB68002A5985 /* Release */,
			);
			defaultConfigurationIsVisible = 0;
			defaultConfigurationName = Release;
		};
/* End XCConfigurationList section */

/* Begin XCVersionGroup section */
		CE2474CC2731C79100A4AEC0 /* Chat.xcdatamodeld */ = {
			isa = XCVersionGroup;
			children = (
				CE2474CD2731C79100A4AEC0 /* Chat.xcdatamodel */,
			);
			currentVersion = CE2474CD2731C79100A4AEC0 /* Chat.xcdatamodel */;
			path = Chat.xcdatamodeld;
			sourceTree = "<group>";
			versionGroupType = wrapper.xcdatamodel;
		};
/* End XCVersionGroup section */
	};
	rootObject = CE1F08A126F3BB67002A5985 /* Project object */;
}
